
Microsoft Visual Studio Solution File, Format Version 12.00
# Visual Studio Version 17
VisualStudioVersion = 17.7.34202.233
MinimumVisualStudioVersion = 10.0.40219.1
Project("{8BC9CEB8-8B4A-11D0-8D11-00A0C91BC942}") = "Lecture1", "Lecture1\Lecture1.vcxproj", "{D68A0B3C-7A5A-49CC-A653-2DA1220E3713}"
EndProject
Project("{8BC9CEB8-8B4A-11D0-8D11-00A0C91BC942}") = "Lecture4", "Lecture4\Lecture4.vcxproj", "{B95CA134-48DA-4949-84FF-3A4C7F7A922E}"
EndProject
Project("{8BC9CEB8-8B4A-11D0-8D11-00A0C91BC942}") = "Lecture5", "Lecture5\Lecture5.vcxproj", "{B0092EAC-A0E1-4CF1-A1B0-A97EE242216A}"
EndProject
Project("{8BC9CEB8-8B4A-11D0-8D11-00A0C91BC942}") = "Lecture7", "Lecture7\Lecture7.vcxproj", "{32FD1FC2-CA79-4465-A290-749FD2040C4E}"
EndProject
Project("{8BC9CEB8-8B4A-11D0-8D11-00A0C91BC942}") = "Lecture8", "Lecture8\Lecture8.vcxproj", "{B93667F0-FC12-421F-9AF4-8AD20A8F2880}"
EndProject
Project("{8BC9CEB8-8B4A-11D0-8D11-00A0C91BC942}") = "Lecture9", "Lecture9\Lecture9.vcxproj", "{2A55C72C-0635-49D7-9FA6-5F5D10B7F23B}"
EndProject
Project("{8BC9CEB8-8B4A-11D0-8D11-00A0C91BC942}") = "Lecture10", "Lecture10\Lecture10.vcxproj", "{690E7D00-5490-4FBA-94D8-50CDCC410069}"
EndProject
Project("{8BC9CEB8-8B4A-11D0-8D11-00A0C91BC942}") = "Lecture12", "Lecture12\Lecture12.vcxproj", "{5862247A-EF1B-4591-8283-F6DEDEDCA884}"
EndProject
Project("{8BC9CEB8-8B4A-11D0-8D11-00A0C91BC942}") = "Lecture13", "Lecture13\Lecture13.vcxproj", "{AFB3465C-1315-47C6-BBEC-D9B92D95CF08}"
EndProject
Project("{8BC9CEB8-8B4A-11D0-8D11-00A0C91BC942}") = "Lecture14", "Lecture14\Lecture14.vcxproj", "{209AB148-149D-4973-B0E0-DC4D50FC3B22}"
EndProject
Global
	GlobalSection(SolutionConfigurationPlatforms) = preSolution
		Debug|x64 = Debug|x64
		Debug|x86 = Debug|x86
		Release|x64 = Release|x64
		Release|x86 = Release|x86
	EndGlobalSection
	GlobalSection(ProjectConfigurationPlatforms) = postSolution
		{D68A0B3C-7A5A-49CC-A653-2DA1220E3713}.Debug|x64.ActiveCfg = Debug|x64
		{D68A0B3C-7A5A-49CC-A653-2DA1220E3713}.Debug|x64.Build.0 = Debug|x64
		{D68A0B3C-7A5A-49CC-A653-2DA1220E3713}.Debug|x86.ActiveCfg = Debug|Win32
		{D68A0B3C-7A5A-49CC-A653-2DA1220E3713}.Debug|x86.Build.0 = Debug|Win32
		{D68A0B3C-7A5A-49CC-A653-2DA1220E3713}.Release|x64.ActiveCfg = Release|x64
		{D68A0B3C-7A5A-49CC-A653-2DA1220E3713}.Release|x64.Build.0 = Release|x64
		{D68A0B3C-7A5A-49CC-A653-2DA1220E3713}.Release|x86.ActiveCfg = Release|Win32
		{D68A0B3C-7A5A-49CC-A653-2DA1220E3713}.Release|x86.Build.0 = Release|Win32
		{B95CA134-48DA-4949-84FF-3A4C7F7A922E}.Debug|x64.ActiveCfg = Debug|x64
		{B95CA134-48DA-4949-84FF-3A4C7F7A922E}.Debug|x64.Build.0 = Debug|x64
		{B95CA134-48DA-4949-84FF-3A4C7F7A922E}.Debug|x86.ActiveCfg = Debug|Win32
		{B95CA134-48DA-4949-84FF-3A4C7F7A922E}.Debug|x86.Build.0 = Debug|Win32
		{B95CA134-48DA-4949-84FF-3A4C7F7A922E}.Release|x64.ActiveCfg = Release|x64
		{B95CA134-48DA-4949-84FF-3A4C7F7A922E}.Release|x64.Build.0 = Release|x64
		{B95CA134-48DA-4949-84FF-3A4C7F7A922E}.Release|x86.ActiveCfg = Release|Win32
		{B95CA134-48DA-4949-84FF-3A4C7F7A922E}.Release|x86.Build.0 = Release|Win32
		{B0092EAC-A0E1-4CF1-A1B0-A97EE242216A}.Debug|x64.ActiveCfg = Debug|x64
		{B0092EAC-A0E1-4CF1-A1B0-A97EE242216A}.Debug|x64.Build.0 = Debug|x64
		{B0092EAC-A0E1-4CF1-A1B0-A97EE242216A}.Debug|x86.ActiveCfg = Debug|Win32
		{B0092EAC-A0E1-4CF1-A1B0-A97EE242216A}.Debug|x86.Build.0 = Debug|Win32
		{B0092EAC-A0E1-4CF1-A1B0-A97EE242216A}.Release|x64.ActiveCfg = Release|x64
		{B0092EAC-A0E1-4CF1-A1B0-A97EE242216A}.Release|x64.Build.0 = Release|x64
		{B0092EAC-A0E1-4CF1-A1B0-A97EE242216A}.Release|x86.ActiveCfg = Release|Win32
		{B0092EAC-A0E1-4CF1-A1B0-A97EE242216A}.Release|x86.Build.0 = Release|Win32
		{32FD1FC2-CA79-4465-A290-749FD2040C4E}.Debug|x64.ActiveCfg = Debug|x64
		{32FD1FC2-CA79-4465-A290-749FD2040C4E}.Debug|x64.Build.0 = Debug|x64
		{32FD1FC2-CA79-4465-A290-749FD2040C4E}.Debug|x86.ActiveCfg = Debug|Win32
		{32FD1FC2-CA79-4465-A290-749FD2040C4E}.Debug|x86.Build.0 = Debug|Win32
		{32FD1FC2-CA79-4465-A290-749FD2040C4E}.Release|x64.ActiveCfg = Release|x64
		{32FD1FC2-CA79-4465-A290-749FD2040C4E}.Release|x64.Build.0 = Release|x64
		{32FD1FC2-CA79-4465-A290-749FD2040C4E}.Release|x86.ActiveCfg = Release|Win32
		{32FD1FC2-CA79-4465-A290-749FD2040C4E}.Release|x86.Build.0 = Release|Win32
		{B93667F0-FC12-421F-9AF4-8AD20A8F2880}.Debug|x64.ActiveCfg = Debug|x64
		{B93667F0-FC12-421F-9AF4-8AD20A8F2880}.Debug|x64.Build.0 = Debug|x64
		{B93667F0-FC12-421F-9AF4-8AD20A8F2880}.Debug|x86.ActiveCfg = Debug|Win32
		{B93667F0-FC12-421F-9AF4-8AD20A8F2880}.Debug|x86.Build.0 = Debug|Win32
		{B93667F0-FC12-421F-9AF4-8AD20A8F2880}.Release|x64.ActiveCfg = Release|x64
		{B93667F0-FC12-421F-9AF4-8AD20A8F2880}.Release|x64.Build.0 = Release|x64
		{B93667F0-FC12-421F-9AF4-8AD20A8F2880}.Release|x86.ActiveCfg = Release|Win32
		{B93667F0-FC12-421F-9AF4-8AD20A8F2880}.Release|x86.Build.0 = Release|Win32
		{2A55C72C-0635-49D7-9FA6-5F5D10B7F23B}.Debug|x64.ActiveCfg = Debug|x64
		{2A55C72C-0635-49D7-9FA6-5F5D10B7F23B}.Debug|x64.Build.0 = Debug|x64
		{2A55C72C-0635-49D7-9FA6-5F5D10B7F23B}.Debug|x86.ActiveCfg = Debug|Win32
		{2A55C72C-0635-49D7-9FA6-5F5D10B7F23B}.Debug|x86.Build.0 = Debug|Win32
		{2A55C72C-0635-49D7-9FA6-5F5D10B7F23B}.Release|x64.ActiveCfg = Release|x64
		{2A55C72C-0635-49D7-9FA6-5F5D10B7F23B}.Release|x64.Build.0 = Release|x64
		{2A55C72C-0635-49D7-9FA6-5F5D10B7F23B}.Release|x86.ActiveCfg = Release|Win32
		{2A55C72C-0635-49D7-9FA6-5F5D10B7F23B}.Release|x86.Build.0 = Release|Win32
		{690E7D00-5490-4FBA-94D8-50CDCC410069}.Debug|x64.ActiveCfg = Debug|x64
		{690E7D00-5490-4FBA-94D8-50CDCC410069}.Debug|x64.Build.0 = Debug|x64
		{690E7D00-5490-4FBA-94D8-50CDCC410069}.Debug|x86.ActiveCfg = Debug|Win32
		{690E7D00-5490-4FBA-94D8-50CDCC410069}.Debug|x86.Build.0 = Debug|Win32
		{690E7D00-5490-4FBA-94D8-50CDCC410069}.Release|x64.ActiveCfg = Release|x64
		{690E7D00-5490-4FBA-94D8-50CDCC410069}.Release|x64.Build.0 = Release|x64
		{690E7D00-5490-4FBA-94D8-50CDCC410069}.Release|x86.ActiveCfg = Release|Win32
		{690E7D00-5490-4FBA-94D8-50CDCC410069}.Release|x86.Build.0 = Release|Win32
		{5862247A-EF1B-4591-8283-F6DEDEDCA884}.Debug|x64.ActiveCfg = Debug|x64
		{5862247A-EF1B-4591-8283-F6DEDEDCA884}.Debug|x64.Build.0 = Debug|x64
		{5862247A-EF1B-4591-8283-F6DEDEDCA884}.Debug|x86.ActiveCfg = Debug|Win32
		{5862247A-EF1B-4591-8283-F6DEDEDCA884}.Debug|x86.Build.0 = Debug|Win32
		{5862247A-EF1B-4591-8283-F6DEDEDCA884}.Release|x64.ActiveCfg = Release|x64
		{5862247A-EF1B-4591-8283-F6DEDEDCA884}.Release|x64.Build.0 = Release|x64
		{5862247A-EF1B-4591-8283-F6DEDEDCA884}.Release|x86.ActiveCfg = Release|Win32
		{5862247A-EF1B-4591-8283-F6DEDEDCA884}.Release|x86.Build.0 = Release|Win32
		{AFB3465C-1315-47C6-BBEC-D9B92D95CF08}.Debug|x64.ActiveCfg = Debug|x64
		{AFB3465C-1315-47C6-BBEC-D9B92D95CF08}.Debug|x64.Build.0 = Debug|x64
		{AFB3465C-1315-47C6-BBEC-D9B92D95CF08}.Debug|x86.ActiveCfg = Debug|Win32
		{AFB3465C-1315-47C6-BBEC-D9B92D95CF08}.Debug|x86.Build.0 = Debug|Win32
		{AFB3465C-1315-47C6-BBEC-D9B92D95CF08}.Release|x64.ActiveCfg = Release|x64
		{AFB3465C-1315-47C6-BBEC-D9B92D95CF08}.Release|x64.Build.0 = Release|x64
		{AFB3465C-1315-47C6-BBEC-D9B92D95CF08}.Release|x86.ActiveCfg = Release|Win32
		{AFB3465C-1315-47C6-BBEC-D9B92D95CF08}.Release|x86.Build.0 = Release|Win32
		{209AB148-149D-4973-B0E0-DC4D50FC3B22}.Debug|x64.ActiveCfg = Debug|x64
		{209AB148-149D-4973-B0E0-DC4D50FC3B22}.Debug|x64.Build.0 = Debug|x64
		{209AB148-149D-4973-B0E0-DC4D50FC3B22}.Debug|x86.ActiveCfg = Debug|Win32
		{209AB148-149D-4973-B0E0-DC4D50FC3B22}.Debug|x86.Build.0 = Debug|Win32
		{209AB148-149D-4973-B0E0-DC4D50FC3B22}.Release|x64.ActiveCfg = Release|x64
		{209AB148-149D-4973-B0E0-DC4D50FC3B22}.Release|x64.Build.0 = Release|x64
		{209AB148-149D-4973-B0E0-DC4D50FC3B22}.Release|x86.ActiveCfg = Release|Win32
		{209AB148-149D-4973-B0E0-DC4D50FC3B22}.Release|x86.Build.0 = Release|Win32
	EndGlobalSection
	GlobalSection(SolutionProperties) = preSolution
		HideSolutionNode = FALSE
	EndGlobalSection
	GlobalSection(ExtensibilityGlobals) = postSolution
		SolutionGuid = {F99E66CA-B8C6-41A6-9F24-E6C6214F2F61}
	EndGlobalSection
EndGlobal
