
Microsoft Visual Studio Solution File, Format Version 12.00
# Visual Studio Version 17
VisualStudioVersion = 17.7.34009.444
MinimumVisualStudioVersion = 10.0.40219.1
Project("{8BC9CEB8-8B4A-11D0-8D11-00A0C91BC942}") = "Lecture2", "Lecture2\Lecture2.vcxproj", "{B3F6F187-777D-4B3C-83A7-A6DFF955201F}"
EndProject
Project("{8BC9CEB8-8B4A-11D0-8D11-00A0C91BC942}") = "Lecture5", "Lecture5\Lecture5.vcxproj", "{6F72FD5B-43C5-485C-A370-6E4CF8B421F5}"
EndProject
Project("{8BC9CEB8-8B4A-11D0-8D11-00A0C91BC942}") = "Lecture6", "Lecture6\Lecture6.vcxproj", "{FD0CEDE4-91CC-43A5-B0DA-6E4AF3212633}"
EndProject
Project("{8BC9CEB8-8B4A-11D0-8D11-00A0C91BC942}") = "Lecture9", "Lecture9\Lecture9.vcxproj", "{D496585C-7632-4BAC-9F41-89AC40686809}"
EndProject
Project("{8BC9CEB8-8B4A-11D0-8D11-00A0C91BC942}") = "Lecture11", "Lecture11\Lecture11.vcxproj", "{8B5BBC6D-AAA7-427F-A00C-D6768DCFECFC}"
EndProject
Global
	GlobalSection(SolutionConfigurationPlatforms) = preSolution
		Debug|x64 = Debug|x64
		Debug|x86 = Debug|x86
		Release|x64 = Release|x64
		Release|x86 = Release|x86
	EndGlobalSection
	GlobalSection(ProjectConfigurationPlatforms) = postSolution
		{B3F6F187-777D-4B3C-83A7-A6DFF955201F}.Debug|x64.ActiveCfg = Debug|x64
		{B3F6F187-777D-4B3C-83A7-A6DFF955201F}.Debug|x64.Build.0 = Debug|x64
		{B3F6F187-777D-4B3C-83A7-A6DFF955201F}.Debug|x86.ActiveCfg = Debug|Win32
		{B3F6F187-777D-4B3C-83A7-A6DFF955201F}.Debug|x86.Build.0 = Debug|Win32
		{B3F6F187-777D-4B3C-83A7-A6DFF955201F}.Release|x64.ActiveCfg = Release|x64
		{B3F6F187-777D-4B3C-83A7-A6DFF955201F}.Release|x64.Build.0 = Release|x64
		{B3F6F187-777D-4B3C-83A7-A6DFF955201F}.Release|x86.ActiveCfg = Release|Win32
		{B3F6F187-777D-4B3C-83A7-A6DFF955201F}.Release|x86.Build.0 = Release|Win32
		{6F72FD5B-43C5-485C-A370-6E4CF8B421F5}.Debug|x64.ActiveCfg = Debug|x64
		{6F72FD5B-43C5-485C-A370-6E4CF8B421F5}.Debug|x64.Build.0 = Debug|x64
		{6F72FD5B-43C5-485C-A370-6E4CF8B421F5}.Debug|x86.ActiveCfg = Debug|Win32
		{6F72FD5B-43C5-485C-A370-6E4CF8B421F5}.Debug|x86.Build.0 = Debug|Win32
		{6F72FD5B-43C5-485C-A370-6E4CF8B421F5}.Release|x64.ActiveCfg = Release|x64
		{6F72FD5B-43C5-485C-A370-6E4CF8B421F5}.Release|x64.Build.0 = Release|x64
		{6F72FD5B-43C5-485C-A370-6E4CF8B421F5}.Release|x86.ActiveCfg = Release|Win32
		{6F72FD5B-43C5-485C-A370-6E4CF8B421F5}.Release|x86.Build.0 = Release|Win32
		{FD0CEDE4-91CC-43A5-B0DA-6E4AF3212633}.Debug|x64.ActiveCfg = Debug|x64
		{FD0CEDE4-91CC-43A5-B0DA-6E4AF3212633}.Debug|x64.Build.0 = Debug|x64
		{FD0CEDE4-91CC-43A5-B0DA-6E4AF3212633}.Debug|x86.ActiveCfg = Debug|Win32
		{FD0CEDE4-91CC-43A5-B0DA-6E4AF3212633}.Debug|x86.Build.0 = Debug|Win32
		{FD0CEDE4-91CC-43A5-B0DA-6E4AF3212633}.Release|x64.ActiveCfg = Release|x64
		{FD0CEDE4-91CC-43A5-B0DA-6E4AF3212633}.Release|x64.Build.0 = Release|x64
		{FD0CEDE4-91CC-43A5-B0DA-6E4AF3212633}.Release|x86.ActiveCfg = Release|Win32
		{FD0CEDE4-91CC-43A5-B0DA-6E4AF3212633}.Release|x86.Build.0 = Release|Win32
		{D496585C-7632-4BAC-9F41-89AC40686809}.Debug|x64.ActiveCfg = Debug|x64
		{D496585C-7632-4BAC-9F41-89AC40686809}.Debug|x64.Build.0 = Debug|x64
		{D496585C-7632-4BAC-9F41-89AC40686809}.Debug|x86.ActiveCfg = Debug|Win32
		{D496585C-7632-4BAC-9F41-89AC40686809}.Debug|x86.Build.0 = Debug|Win32
		{D496585C-7632-4BAC-9F41-89AC40686809}.Release|x64.ActiveCfg = Release|x64
		{D496585C-7632-4BAC-9F41-89AC40686809}.Release|x64.Build.0 = Release|x64
		{D496585C-7632-4BAC-9F41-89AC40686809}.Release|x86.ActiveCfg = Release|Win32
		{D496585C-7632-4BAC-9F41-89AC40686809}.Release|x86.Build.0 = Release|Win32
		{8B5BBC6D-AAA7-427F-A00C-D6768DCFECFC}.Debug|x64.ActiveCfg = Debug|x64
		{8B5BBC6D-AAA7-427F-A00C-D6768DCFECFC}.Debug|x64.Build.0 = Debug|x64
		{8B5BBC6D-AAA7-427F-A00C-D6768DCFECFC}.Debug|x86.ActiveCfg = Debug|Win32
		{8B5BBC6D-AAA7-427F-A00C-D6768DCFECFC}.Debug|x86.Build.0 = Debug|Win32
		{8B5BBC6D-AAA7-427F-A00C-D6768DCFECFC}.Release|x64.ActiveCfg = Release|x64
		{8B5BBC6D-AAA7-427F-A00C-D6768DCFECFC}.Release|x64.Build.0 = Release|x64
		{8B5BBC6D-AAA7-427F-A00C-D6768DCFECFC}.Release|x86.ActiveCfg = Release|Win32
		{8B5BBC6D-AAA7-427F-A00C-D6768DCFECFC}.Release|x86.Build.0 = Release|Win32
	EndGlobalSection
	GlobalSection(SolutionProperties) = preSolution
		HideSolutionNode = FALSE
	EndGlobalSection
	GlobalSection(ExtensibilityGlobals) = postSolution
		SolutionGuid = {6D05B436-FD67-4EFF-AED5-E5AC0D5347EB}
	EndGlobalSection
EndGlobal
