
Microsoft Visual Studio Solution File, Format Version 12.00
# Visual Studio Version 17
VisualStudioVersion = 17.7.34009.444
MinimumVisualStudioVersion = 10.0.40219.1
Project("{8BC9CEB8-8B4A-11D0-8D11-00A0C91BC942}") = "Lecture2", "Lecture2\Lecture2.vcxproj", "{C2E2C0EE-31CF-4AF9-894D-EC7024D121EA}"
EndProject
Project("{8BC9CEB8-8B4A-11D0-8D11-00A0C91BC942}") = "Lecture3", "Lecture3\Lecture3.vcxproj", "{9D568EB7-1BBA-472C-B0FB-B7075C92A64F}"
EndProject
Project("{8BC9CEB8-8B4A-11D0-8D11-00A0C91BC942}") = "Lecture4", "Lecture4\Lecture4.vcxproj", "{2B104ED2-1B64-4335-9E55-C1F28DAA392C}"
EndProject
Project("{8BC9CEB8-8B4A-11D0-8D11-00A0C91BC942}") = "Lecture5", "Lecture5\Lecture5.vcxproj", "{3A71A547-AC95-4F51-B670-A98AD2D1212D}"
EndProject
Project("{8BC9CEB8-8B4A-11D0-8D11-00A0C91BC942}") = "Lecture6", "Lecture6\Lecture6.vcxproj", "{0232A287-2CF0-49C6-B9B4-B38B9D97A363}"
EndProject
Project("{8BC9CEB8-8B4A-11D0-8D11-00A0C91BC942}") = "Lecture7", "Lecture7\Lecture7.vcxproj", "{67A658BB-CFA9-4000-9E2D-22063D1673A8}"
EndProject
Project("{8BC9CEB8-8B4A-11D0-8D11-00A0C91BC942}") = "Lecture8", "Lecture8\Lecture8.vcxproj", "{98CE5150-7AE1-4A1E-8279-42A3197A0A7A}"
EndProject
Project("{8BC9CEB8-8B4A-11D0-8D11-00A0C91BC942}") = "Lecture9", "Lecture9\Lecture9.vcxproj", "{A2EBE2D5-457F-4E96-B981-E081C5A8BEC1}"
EndProject
Project("{8BC9CEB8-8B4A-11D0-8D11-00A0C91BC942}") = "Lecture10", "Lecture10\Lecture10.vcxproj", "{B74C5AD0-5272-4808-A0E0-B4BC72CB6918}"
EndProject
Project("{8BC9CEB8-8B4A-11D0-8D11-00A0C91BC942}") = "Lecture11", "Lecture11\Lecture11.vcxproj", "{E27E1A75-5708-4240-B75D-95EAC468BD0E}"
EndProject
Project("{8BC9CEB8-8B4A-11D0-8D11-00A0C91BC942}") = "Lecture12", "Lecture12\Lecture12.vcxproj", "{5A0E5E1A-E9EE-4291-9481-4609C4151A5B}"
EndProject
Project("{8BC9CEB8-8B4A-11D0-8D11-00A0C91BC942}") = "Lecture13", "Lecture13\Lecture13.vcxproj", "{008A10DE-BABD-4286-9974-F75B0ACA7A07}"
EndProject
Project("{8BC9CEB8-8B4A-11D0-8D11-00A0C91BC942}") = "Lecture14", "Lecture14\Lecture14.vcxproj", "{0E61216E-5B24-43B6-8581-1F24F4E46C2B}"
EndProject
Project("{8BC9CEB8-8B4A-11D0-8D11-00A0C91BC942}") = "Lecture15", "Lecture15\Lecture15.vcxproj", "{4E9336FC-EFF7-4C82-92D4-BA7728C2C52C}"
EndProject
Global
	GlobalSection(SolutionConfigurationPlatforms) = preSolution
		Debug|x64 = Debug|x64
		Debug|x86 = Debug|x86
		Release|x64 = Release|x64
		Release|x86 = Release|x86
	EndGlobalSection
	GlobalSection(ProjectConfigurationPlatforms) = postSolution
		{C2E2C0EE-31CF-4AF9-894D-EC7024D121EA}.Debug|x64.ActiveCfg = Debug|x64
		{C2E2C0EE-31CF-4AF9-894D-EC7024D121EA}.Debug|x64.Build.0 = Debug|x64
		{C2E2C0EE-31CF-4AF9-894D-EC7024D121EA}.Debug|x86.ActiveCfg = Debug|Win32
		{C2E2C0EE-31CF-4AF9-894D-EC7024D121EA}.Debug|x86.Build.0 = Debug|Win32
		{C2E2C0EE-31CF-4AF9-894D-EC7024D121EA}.Release|x64.ActiveCfg = Release|x64
		{C2E2C0EE-31CF-4AF9-894D-EC7024D121EA}.Release|x64.Build.0 = Release|x64
		{C2E2C0EE-31CF-4AF9-894D-EC7024D121EA}.Release|x86.ActiveCfg = Release|Win32
		{C2E2C0EE-31CF-4AF9-894D-EC7024D121EA}.Release|x86.Build.0 = Release|Win32
		{9D568EB7-1BBA-472C-B0FB-B7075C92A64F}.Debug|x64.ActiveCfg = Debug|x64
		{9D568EB7-1BBA-472C-B0FB-B7075C92A64F}.Debug|x64.Build.0 = Debug|x64
		{9D568EB7-1BBA-472C-B0FB-B7075C92A64F}.Debug|x86.ActiveCfg = Debug|Win32
		{9D568EB7-1BBA-472C-B0FB-B7075C92A64F}.Debug|x86.Build.0 = Debug|Win32
		{9D568EB7-1BBA-472C-B0FB-B7075C92A64F}.Release|x64.ActiveCfg = Release|x64
		{9D568EB7-1BBA-472C-B0FB-B7075C92A64F}.Release|x64.Build.0 = Release|x64
		{9D568EB7-1BBA-472C-B0FB-B7075C92A64F}.Release|x86.ActiveCfg = Release|Win32
		{9D568EB7-1BBA-472C-B0FB-B7075C92A64F}.Release|x86.Build.0 = Release|Win32
		{2B104ED2-1B64-4335-9E55-C1F28DAA392C}.Debug|x64.ActiveCfg = Debug|x64
		{2B104ED2-1B64-4335-9E55-C1F28DAA392C}.Debug|x64.Build.0 = Debug|x64
		{2B104ED2-1B64-4335-9E55-C1F28DAA392C}.Debug|x86.ActiveCfg = Debug|Win32
		{2B104ED2-1B64-4335-9E55-C1F28DAA392C}.Debug|x86.Build.0 = Debug|Win32
		{2B104ED2-1B64-4335-9E55-C1F28DAA392C}.Release|x64.ActiveCfg = Release|x64
		{2B104ED2-1B64-4335-9E55-C1F28DAA392C}.Release|x64.Build.0 = Release|x64
		{2B104ED2-1B64-4335-9E55-C1F28DAA392C}.Release|x86.ActiveCfg = Release|Win32
		{2B104ED2-1B64-4335-9E55-C1F28DAA392C}.Release|x86.Build.0 = Release|Win32
		{3A71A547-AC95-4F51-B670-A98AD2D1212D}.Debug|x64.ActiveCfg = Debug|x64
		{3A71A547-AC95-4F51-B670-A98AD2D1212D}.Debug|x64.Build.0 = Debug|x64
		{3A71A547-AC95-4F51-B670-A98AD2D1212D}.Debug|x86.ActiveCfg = Debug|Win32
		{3A71A547-AC95-4F51-B670-A98AD2D1212D}.Debug|x86.Build.0 = Debug|Win32
		{3A71A547-AC95-4F51-B670-A98AD2D1212D}.Release|x64.ActiveCfg = Release|x64
		{3A71A547-AC95-4F51-B670-A98AD2D1212D}.Release|x64.Build.0 = Release|x64
		{3A71A547-AC95-4F51-B670-A98AD2D1212D}.Release|x86.ActiveCfg = Release|Win32
		{3A71A547-AC95-4F51-B670-A98AD2D1212D}.Release|x86.Build.0 = Release|Win32
		{0232A287-2CF0-49C6-B9B4-B38B9D97A363}.Debug|x64.ActiveCfg = Debug|x64
		{0232A287-2CF0-49C6-B9B4-B38B9D97A363}.Debug|x64.Build.0 = Debug|x64
		{0232A287-2CF0-49C6-B9B4-B38B9D97A363}.Debug|x86.ActiveCfg = Debug|Win32
		{0232A287-2CF0-49C6-B9B4-B38B9D97A363}.Debug|x86.Build.0 = Debug|Win32
		{0232A287-2CF0-49C6-B9B4-B38B9D97A363}.Release|x64.ActiveCfg = Release|x64
		{0232A287-2CF0-49C6-B9B4-B38B9D97A363}.Release|x64.Build.0 = Release|x64
		{0232A287-2CF0-49C6-B9B4-B38B9D97A363}.Release|x86.ActiveCfg = Release|Win32
		{0232A287-2CF0-49C6-B9B4-B38B9D97A363}.Release|x86.Build.0 = Release|Win32
		{67A658BB-CFA9-4000-9E2D-22063D1673A8}.Debug|x64.ActiveCfg = Debug|x64
		{67A658BB-CFA9-4000-9E2D-22063D1673A8}.Debug|x64.Build.0 = Debug|x64
		{67A658BB-CFA9-4000-9E2D-22063D1673A8}.Debug|x86.ActiveCfg = Debug|Win32
		{67A658BB-CFA9-4000-9E2D-22063D1673A8}.Debug|x86.Build.0 = Debug|Win32
		{67A658BB-CFA9-4000-9E2D-22063D1673A8}.Release|x64.ActiveCfg = Release|x64
		{67A658BB-CFA9-4000-9E2D-22063D1673A8}.Release|x64.Build.0 = Release|x64
		{67A658BB-CFA9-4000-9E2D-22063D1673A8}.Release|x86.ActiveCfg = Release|Win32
		{67A658BB-CFA9-4000-9E2D-22063D1673A8}.Release|x86.Build.0 = Release|Win32
		{98CE5150-7AE1-4A1E-8279-42A3197A0A7A}.Debug|x64.ActiveCfg = Debug|x64
		{98CE5150-7AE1-4A1E-8279-42A3197A0A7A}.Debug|x64.Build.0 = Debug|x64
		{98CE5150-7AE1-4A1E-8279-42A3197A0A7A}.Debug|x86.ActiveCfg = Debug|Win32
		{98CE5150-7AE1-4A1E-8279-42A3197A0A7A}.Debug|x86.Build.0 = Debug|Win32
		{98CE5150-7AE1-4A1E-8279-42A3197A0A7A}.Release|x64.ActiveCfg = Release|x64
		{98CE5150-7AE1-4A1E-8279-42A3197A0A7A}.Release|x64.Build.0 = Release|x64
		{98CE5150-7AE1-4A1E-8279-42A3197A0A7A}.Release|x86.ActiveCfg = Release|Win32
		{98CE5150-7AE1-4A1E-8279-42A3197A0A7A}.Release|x86.Build.0 = Release|Win32
		{A2EBE2D5-457F-4E96-B981-E081C5A8BEC1}.Debug|x64.ActiveCfg = Debug|x64
		{A2EBE2D5-457F-4E96-B981-E081C5A8BEC1}.Debug|x64.Build.0 = Debug|x64
		{A2EBE2D5-457F-4E96-B981-E081C5A8BEC1}.Debug|x86.ActiveCfg = Debug|Win32
		{A2EBE2D5-457F-4E96-B981-E081C5A8BEC1}.Debug|x86.Build.0 = Debug|Win32
		{A2EBE2D5-457F-4E96-B981-E081C5A8BEC1}.Release|x64.ActiveCfg = Release|x64
		{A2EBE2D5-457F-4E96-B981-E081C5A8BEC1}.Release|x64.Build.0 = Release|x64
		{A2EBE2D5-457F-4E96-B981-E081C5A8BEC1}.Release|x86.ActiveCfg = Release|Win32
		{A2EBE2D5-457F-4E96-B981-E081C5A8BEC1}.Release|x86.Build.0 = Release|Win32
		{B74C5AD0-5272-4808-A0E0-B4BC72CB6918}.Debug|x64.ActiveCfg = Debug|x64
		{B74C5AD0-5272-4808-A0E0-B4BC72CB6918}.Debug|x64.Build.0 = Debug|x64
		{B74C5AD0-5272-4808-A0E0-B4BC72CB6918}.Debug|x86.ActiveCfg = Debug|Win32
		{B74C5AD0-5272-4808-A0E0-B4BC72CB6918}.Debug|x86.Build.0 = Debug|Win32
		{B74C5AD0-5272-4808-A0E0-B4BC72CB6918}.Release|x64.ActiveCfg = Release|x64
		{B74C5AD0-5272-4808-A0E0-B4BC72CB6918}.Release|x64.Build.0 = Release|x64
		{B74C5AD0-5272-4808-A0E0-B4BC72CB6918}.Release|x86.ActiveCfg = Release|Win32
		{B74C5AD0-5272-4808-A0E0-B4BC72CB6918}.Release|x86.Build.0 = Release|Win32
		{E27E1A75-5708-4240-B75D-95EAC468BD0E}.Debug|x64.ActiveCfg = Debug|x64
		{E27E1A75-5708-4240-B75D-95EAC468BD0E}.Debug|x64.Build.0 = Debug|x64
		{E27E1A75-5708-4240-B75D-95EAC468BD0E}.Debug|x86.ActiveCfg = Debug|Win32
		{E27E1A75-5708-4240-B75D-95EAC468BD0E}.Debug|x86.Build.0 = Debug|Win32
		{E27E1A75-5708-4240-B75D-95EAC468BD0E}.Release|x64.ActiveCfg = Release|x64
		{E27E1A75-5708-4240-B75D-95EAC468BD0E}.Release|x64.Build.0 = Release|x64
		{E27E1A75-5708-4240-B75D-95EAC468BD0E}.Release|x86.ActiveCfg = Release|Win32
		{E27E1A75-5708-4240-B75D-95EAC468BD0E}.Release|x86.Build.0 = Release|Win32
		{5A0E5E1A-E9EE-4291-9481-4609C4151A5B}.Debug|x64.ActiveCfg = Debug|x64
		{5A0E5E1A-E9EE-4291-9481-4609C4151A5B}.Debug|x64.Build.0 = Debug|x64
		{5A0E5E1A-E9EE-4291-9481-4609C4151A5B}.Debug|x86.ActiveCfg = Debug|Win32
		{5A0E5E1A-E9EE-4291-9481-4609C4151A5B}.Debug|x86.Build.0 = Debug|Win32
		{5A0E5E1A-E9EE-4291-9481-4609C4151A5B}.Release|x64.ActiveCfg = Release|x64
		{5A0E5E1A-E9EE-4291-9481-4609C4151A5B}.Release|x64.Build.0 = Release|x64
		{5A0E5E1A-E9EE-4291-9481-4609C4151A5B}.Release|x86.ActiveCfg = Release|Win32
		{5A0E5E1A-E9EE-4291-9481-4609C4151A5B}.Release|x86.Build.0 = Release|Win32
		{008A10DE-BABD-4286-9974-F75B0ACA7A07}.Debug|x64.ActiveCfg = Debug|x64
		{008A10DE-BABD-4286-9974-F75B0ACA7A07}.Debug|x64.Build.0 = Debug|x64
		{008A10DE-BABD-4286-9974-F75B0ACA7A07}.Debug|x86.ActiveCfg = Debug|Win32
		{008A10DE-BABD-4286-9974-F75B0ACA7A07}.Debug|x86.Build.0 = Debug|Win32
		{008A10DE-BABD-4286-9974-F75B0ACA7A07}.Release|x64.ActiveCfg = Release|x64
		{008A10DE-BABD-4286-9974-F75B0ACA7A07}.Release|x64.Build.0 = Release|x64
		{008A10DE-BABD-4286-9974-F75B0ACA7A07}.Release|x86.ActiveCfg = Release|Win32
		{008A10DE-BABD-4286-9974-F75B0ACA7A07}.Release|x86.Build.0 = Release|Win32
		{0E61216E-5B24-43B6-8581-1F24F4E46C2B}.Debug|x64.ActiveCfg = Debug|x64
		{0E61216E-5B24-43B6-8581-1F24F4E46C2B}.Debug|x64.Build.0 = Debug|x64
		{0E61216E-5B24-43B6-8581-1F24F4E46C2B}.Debug|x86.ActiveCfg = Debug|Win32
		{0E61216E-5B24-43B6-8581-1F24F4E46C2B}.Debug|x86.Build.0 = Debug|Win32
		{0E61216E-5B24-43B6-8581-1F24F4E46C2B}.Release|x64.ActiveCfg = Release|x64
		{0E61216E-5B24-43B6-8581-1F24F4E46C2B}.Release|x64.Build.0 = Release|x64
		{0E61216E-5B24-43B6-8581-1F24F4E46C2B}.Release|x86.ActiveCfg = Release|Win32
		{0E61216E-5B24-43B6-8581-1F24F4E46C2B}.Release|x86.Build.0 = Release|Win32
		{4E9336FC-EFF7-4C82-92D4-BA7728C2C52C}.Debug|x64.ActiveCfg = Debug|x64
		{4E9336FC-EFF7-4C82-92D4-BA7728C2C52C}.Debug|x64.Build.0 = Debug|x64
		{4E9336FC-EFF7-4C82-92D4-BA7728C2C52C}.Debug|x86.ActiveCfg = Debug|Win32
		{4E9336FC-EFF7-4C82-92D4-BA7728C2C52C}.Debug|x86.Build.0 = Debug|Win32
		{4E9336FC-EFF7-4C82-92D4-BA7728C2C52C}.Release|x64.ActiveCfg = Release|x64
		{4E9336FC-EFF7-4C82-92D4-BA7728C2C52C}.Release|x64.Build.0 = Release|x64
		{4E9336FC-EFF7-4C82-92D4-BA7728C2C52C}.Release|x86.ActiveCfg = Release|Win32
		{4E9336FC-EFF7-4C82-92D4-BA7728C2C52C}.Release|x86.Build.0 = Release|Win32
	EndGlobalSection
	GlobalSection(SolutionProperties) = preSolution
		HideSolutionNode = FALSE
	EndGlobalSection
	GlobalSection(ExtensibilityGlobals) = postSolution
		SolutionGuid = {B647CC29-2C5A-4971-8878-87E592B38CCD}
	EndGlobalSection
EndGlobal
