
Microsoft Visual Studio Solution File, Format Version 12.00
# Visual Studio Version 17
VisualStudioVersion = 17.7.34024.191
MinimumVisualStudioVersion = 10.0.40219.1
Project("{8BC9CEB8-8B4A-11D0-8D11-00A0C91BC942}") = "Lecture1", "Lecture1\Lecture1.vcxproj", "{D290733D-A7D9-4FDB-B219-4EEC5B893DD9}"
EndProject
Project("{8BC9CEB8-8B4A-11D0-8D11-00A0C91BC942}") = "Lecture2", "Lecture2\Lecture2.vcxproj", "{EB1B78D6-04C6-4DBF-818F-A782E7B5788C}"
EndProject
Global
	GlobalSection(SolutionConfigurationPlatforms) = preSolution
		Debug|x64 = Debug|x64
		Debug|x86 = Debug|x86
		Release|x64 = Release|x64
		Release|x86 = Release|x86
	EndGlobalSection
	GlobalSection(ProjectConfigurationPlatforms) = postSolution
		{D290733D-A7D9-4FDB-B219-4EEC5B893DD9}.Debug|x64.ActiveCfg = Debug|x64
		{D290733D-A7D9-4FDB-B219-4EEC5B893DD9}.Debug|x64.Build.0 = Debug|x64
		{D290733D-A7D9-4FDB-B219-4EEC5B893DD9}.Debug|x86.ActiveCfg = Debug|Win32
		{D290733D-A7D9-4FDB-B219-4EEC5B893DD9}.Debug|x86.Build.0 = Debug|Win32
		{D290733D-A7D9-4FDB-B219-4EEC5B893DD9}.Release|x64.ActiveCfg = Release|x64
		{D290733D-A7D9-4FDB-B219-4EEC5B893DD9}.Release|x64.Build.0 = Release|x64
		{D290733D-A7D9-4FDB-B219-4EEC5B893DD9}.Release|x86.ActiveCfg = Release|Win32
		{D290733D-A7D9-4FDB-B219-4EEC5B893DD9}.Release|x86.Build.0 = Release|Win32
		{EB1B78D6-04C6-4DBF-818F-A782E7B5788C}.Debug|x64.ActiveCfg = Debug|x64
		{EB1B78D6-04C6-4DBF-818F-A782E7B5788C}.Debug|x64.Build.0 = Debug|x64
		{EB1B78D6-04C6-4DBF-818F-A782E7B5788C}.Debug|x86.ActiveCfg = Debug|Win32
		{EB1B78D6-04C6-4DBF-818F-A782E7B5788C}.Debug|x86.Build.0 = Debug|Win32
		{EB1B78D6-04C6-4DBF-818F-A782E7B5788C}.Release|x64.ActiveCfg = Release|x64
		{EB1B78D6-04C6-4DBF-818F-A782E7B5788C}.Release|x64.Build.0 = Release|x64
		{EB1B78D6-04C6-4DBF-818F-A782E7B5788C}.Release|x86.ActiveCfg = Release|Win32
		{EB1B78D6-04C6-4DBF-818F-A782E7B5788C}.Release|x86.Build.0 = Release|Win32
	EndGlobalSection
	GlobalSection(SolutionProperties) = preSolution
		HideSolutionNode = FALSE
	EndGlobalSection
	GlobalSection(ExtensibilityGlobals) = postSolution
		SolutionGuid = {CFD63446-CD24-46F3-8851-4B7EC2D774D0}
	EndGlobalSection
EndGlobal
