
Microsoft Visual Studio Solution File, Format Version 12.00
# Visual Studio Version 17
VisualStudioVersion = 17.7.34024.191
MinimumVisualStudioVersion = 10.0.40219.1
Project("{8BC9CEB8-8B4A-11D0-8D11-00A0C91BC942}") = "Lecture3", "Lecture3\Lecture3.vcxproj", "{7379BDA7-F446-4B52-8B4E-2AAABE453FC4}"
EndProject
Project("{8BC9CEB8-8B4A-11D0-8D11-00A0C91BC942}") = "Lecture2", "Lecture2\Lecture2.vcxproj", "{7EAE2FFE-3E8C-430E-8A30-10232D90F0B1}"
EndProject
Project("{8BC9CEB8-8B4A-11D0-8D11-00A0C91BC942}") = "Lecture1", "Lecture1\Lecture1.vcxproj", "{94D09E44-DEAA-4738-A3BF-DBE185FB698C}"
EndProject
Project("{8BC9CEB8-8B4A-11D0-8D11-00A0C91BC942}") = "Lecture4", "Lecture4\Lecture4.vcxproj", "{11C637D7-39AC-4CF4-A3C8-86A9ABF3943A}"
EndProject
Project("{8BC9CEB8-8B4A-11D0-8D11-00A0C91BC942}") = "Lecture5", "Lecture5\Lecture5.vcxproj", "{4851E22E-A1BB-4A95-AB4E-CBEF66D0D6E1}"
EndProject
Project("{8BC9CEB8-8B4A-11D0-8D11-00A0C91BC942}") = "Lecture6", "Lecture6\Lecture6.vcxproj", "{D098D1F0-FE0F-443D-9C7C-034B3FD382E0}"
EndProject
Project("{8BC9CEB8-8B4A-11D0-8D11-00A0C91BC942}") = "Lecture7", "Lecture7\Lecture7.vcxproj", "{13B6E264-FC41-4338-BA4A-6FD8FF12078D}"
EndProject
Project("{8BC9CEB8-8B4A-11D0-8D11-00A0C91BC942}") = "Lecture8", "Lecture8\Lecture8.vcxproj", "{0DB4A88D-FB01-442D-A895-956B3CC8AB8A}"
EndProject
Project("{8BC9CEB8-8B4A-11D0-8D11-00A0C91BC942}") = "Lecture9", "Lecture9\Lecture9.vcxproj", "{F09DBB85-F675-4D5A-9632-11D61455EACB}"
EndProject
Project("{8BC9CEB8-8B4A-11D0-8D11-00A0C91BC942}") = "Lecture10", "Lecture10\Lecture10.vcxproj", "{D70723D0-A0A4-4373-A1BB-13B52128ED12}"
EndProject
Project("{8BC9CEB8-8B4A-11D0-8D11-00A0C91BC942}") = "Lecture11", "Lecture11\Lecture11.vcxproj", "{04C1C689-C42D-4655-A1C4-044B728F6569}"
EndProject
Project("{8BC9CEB8-8B4A-11D0-8D11-00A0C91BC942}") = "Lecture12", "Lecture12\Lecture12.vcxproj", "{479F5160-10F5-4F37-BEE3-26EB07B5FCF1}"
EndProject
Global
	GlobalSection(SolutionConfigurationPlatforms) = preSolution
		Debug|x64 = Debug|x64
		Debug|x86 = Debug|x86
		Release|x64 = Release|x64
		Release|x86 = Release|x86
	EndGlobalSection
	GlobalSection(ProjectConfigurationPlatforms) = postSolution
		{7379BDA7-F446-4B52-8B4E-2AAABE453FC4}.Debug|x64.ActiveCfg = Debug|x64
		{7379BDA7-F446-4B52-8B4E-2AAABE453FC4}.Debug|x64.Build.0 = Debug|x64
		{7379BDA7-F446-4B52-8B4E-2AAABE453FC4}.Debug|x86.ActiveCfg = Debug|Win32
		{7379BDA7-F446-4B52-8B4E-2AAABE453FC4}.Debug|x86.Build.0 = Debug|Win32
		{7379BDA7-F446-4B52-8B4E-2AAABE453FC4}.Release|x64.ActiveCfg = Release|x64
		{7379BDA7-F446-4B52-8B4E-2AAABE453FC4}.Release|x64.Build.0 = Release|x64
		{7379BDA7-F446-4B52-8B4E-2AAABE453FC4}.Release|x86.ActiveCfg = Release|Win32
		{7379BDA7-F446-4B52-8B4E-2AAABE453FC4}.Release|x86.Build.0 = Release|Win32
		{7EAE2FFE-3E8C-430E-8A30-10232D90F0B1}.Debug|x64.ActiveCfg = Debug|x64
		{7EAE2FFE-3E8C-430E-8A30-10232D90F0B1}.Debug|x64.Build.0 = Debug|x64
		{7EAE2FFE-3E8C-430E-8A30-10232D90F0B1}.Debug|x86.ActiveCfg = Debug|Win32
		{7EAE2FFE-3E8C-430E-8A30-10232D90F0B1}.Debug|x86.Build.0 = Debug|Win32
		{7EAE2FFE-3E8C-430E-8A30-10232D90F0B1}.Release|x64.ActiveCfg = Release|x64
		{7EAE2FFE-3E8C-430E-8A30-10232D90F0B1}.Release|x64.Build.0 = Release|x64
		{7EAE2FFE-3E8C-430E-8A30-10232D90F0B1}.Release|x86.ActiveCfg = Release|Win32
		{7EAE2FFE-3E8C-430E-8A30-10232D90F0B1}.Release|x86.Build.0 = Release|Win32
		{94D09E44-DEAA-4738-A3BF-DBE185FB698C}.Debug|x64.ActiveCfg = Debug|x64
		{94D09E44-DEAA-4738-A3BF-DBE185FB698C}.Debug|x64.Build.0 = Debug|x64
		{94D09E44-DEAA-4738-A3BF-DBE185FB698C}.Debug|x86.ActiveCfg = Debug|Win32
		{94D09E44-DEAA-4738-A3BF-DBE185FB698C}.Debug|x86.Build.0 = Debug|Win32
		{94D09E44-DEAA-4738-A3BF-DBE185FB698C}.Release|x64.ActiveCfg = Release|x64
		{94D09E44-DEAA-4738-A3BF-DBE185FB698C}.Release|x64.Build.0 = Release|x64
		{94D09E44-DEAA-4738-A3BF-DBE185FB698C}.Release|x86.ActiveCfg = Release|Win32
		{94D09E44-DEAA-4738-A3BF-DBE185FB698C}.Release|x86.Build.0 = Release|Win32
		{11C637D7-39AC-4CF4-A3C8-86A9ABF3943A}.Debug|x64.ActiveCfg = Debug|x64
		{11C637D7-39AC-4CF4-A3C8-86A9ABF3943A}.Debug|x64.Build.0 = Debug|x64
		{11C637D7-39AC-4CF4-A3C8-86A9ABF3943A}.Debug|x86.ActiveCfg = Debug|Win32
		{11C637D7-39AC-4CF4-A3C8-86A9ABF3943A}.Debug|x86.Build.0 = Debug|Win32
		{11C637D7-39AC-4CF4-A3C8-86A9ABF3943A}.Release|x64.ActiveCfg = Release|x64
		{11C637D7-39AC-4CF4-A3C8-86A9ABF3943A}.Release|x64.Build.0 = Release|x64
		{11C637D7-39AC-4CF4-A3C8-86A9ABF3943A}.Release|x86.ActiveCfg = Release|Win32
		{11C637D7-39AC-4CF4-A3C8-86A9ABF3943A}.Release|x86.Build.0 = Release|Win32
		{4851E22E-A1BB-4A95-AB4E-CBEF66D0D6E1}.Debug|x64.ActiveCfg = Debug|x64
		{4851E22E-A1BB-4A95-AB4E-CBEF66D0D6E1}.Debug|x64.Build.0 = Debug|x64
		{4851E22E-A1BB-4A95-AB4E-CBEF66D0D6E1}.Debug|x86.ActiveCfg = Debug|Win32
		{4851E22E-A1BB-4A95-AB4E-CBEF66D0D6E1}.Debug|x86.Build.0 = Debug|Win32
		{4851E22E-A1BB-4A95-AB4E-CBEF66D0D6E1}.Release|x64.ActiveCfg = Release|x64
		{4851E22E-A1BB-4A95-AB4E-CBEF66D0D6E1}.Release|x64.Build.0 = Release|x64
		{4851E22E-A1BB-4A95-AB4E-CBEF66D0D6E1}.Release|x86.ActiveCfg = Release|Win32
		{4851E22E-A1BB-4A95-AB4E-CBEF66D0D6E1}.Release|x86.Build.0 = Release|Win32
		{D098D1F0-FE0F-443D-9C7C-034B3FD382E0}.Debug|x64.ActiveCfg = Debug|x64
		{D098D1F0-FE0F-443D-9C7C-034B3FD382E0}.Debug|x64.Build.0 = Debug|x64
		{D098D1F0-FE0F-443D-9C7C-034B3FD382E0}.Debug|x86.ActiveCfg = Debug|Win32
		{D098D1F0-FE0F-443D-9C7C-034B3FD382E0}.Debug|x86.Build.0 = Debug|Win32
		{D098D1F0-FE0F-443D-9C7C-034B3FD382E0}.Release|x64.ActiveCfg = Release|x64
		{D098D1F0-FE0F-443D-9C7C-034B3FD382E0}.Release|x64.Build.0 = Release|x64
		{D098D1F0-FE0F-443D-9C7C-034B3FD382E0}.Release|x86.ActiveCfg = Release|Win32
		{D098D1F0-FE0F-443D-9C7C-034B3FD382E0}.Release|x86.Build.0 = Release|Win32
		{13B6E264-FC41-4338-BA4A-6FD8FF12078D}.Debug|x64.ActiveCfg = Debug|x64
		{13B6E264-FC41-4338-BA4A-6FD8FF12078D}.Debug|x64.Build.0 = Debug|x64
		{13B6E264-FC41-4338-BA4A-6FD8FF12078D}.Debug|x86.ActiveCfg = Debug|Win32
		{13B6E264-FC41-4338-BA4A-6FD8FF12078D}.Debug|x86.Build.0 = Debug|Win32
		{13B6E264-FC41-4338-BA4A-6FD8FF12078D}.Release|x64.ActiveCfg = Release|x64
		{13B6E264-FC41-4338-BA4A-6FD8FF12078D}.Release|x64.Build.0 = Release|x64
		{13B6E264-FC41-4338-BA4A-6FD8FF12078D}.Release|x86.ActiveCfg = Release|Win32
		{13B6E264-FC41-4338-BA4A-6FD8FF12078D}.Release|x86.Build.0 = Release|Win32
		{0DB4A88D-FB01-442D-A895-956B3CC8AB8A}.Debug|x64.ActiveCfg = Debug|x64
		{0DB4A88D-FB01-442D-A895-956B3CC8AB8A}.Debug|x64.Build.0 = Debug|x64
		{0DB4A88D-FB01-442D-A895-956B3CC8AB8A}.Debug|x86.ActiveCfg = Debug|Win32
		{0DB4A88D-FB01-442D-A895-956B3CC8AB8A}.Debug|x86.Build.0 = Debug|Win32
		{0DB4A88D-FB01-442D-A895-956B3CC8AB8A}.Release|x64.ActiveCfg = Release|x64
		{0DB4A88D-FB01-442D-A895-956B3CC8AB8A}.Release|x64.Build.0 = Release|x64
		{0DB4A88D-FB01-442D-A895-956B3CC8AB8A}.Release|x86.ActiveCfg = Release|Win32
		{0DB4A88D-FB01-442D-A895-956B3CC8AB8A}.Release|x86.Build.0 = Release|Win32
		{F09DBB85-F675-4D5A-9632-11D61455EACB}.Debug|x64.ActiveCfg = Debug|x64
		{F09DBB85-F675-4D5A-9632-11D61455EACB}.Debug|x64.Build.0 = Debug|x64
		{F09DBB85-F675-4D5A-9632-11D61455EACB}.Debug|x86.ActiveCfg = Debug|Win32
		{F09DBB85-F675-4D5A-9632-11D61455EACB}.Debug|x86.Build.0 = Debug|Win32
		{F09DBB85-F675-4D5A-9632-11D61455EACB}.Release|x64.ActiveCfg = Release|x64
		{F09DBB85-F675-4D5A-9632-11D61455EACB}.Release|x64.Build.0 = Release|x64
		{F09DBB85-F675-4D5A-9632-11D61455EACB}.Release|x86.ActiveCfg = Release|Win32
		{F09DBB85-F675-4D5A-9632-11D61455EACB}.Release|x86.Build.0 = Release|Win32
		{D70723D0-A0A4-4373-A1BB-13B52128ED12}.Debug|x64.ActiveCfg = Debug|x64
		{D70723D0-A0A4-4373-A1BB-13B52128ED12}.Debug|x64.Build.0 = Debug|x64
		{D70723D0-A0A4-4373-A1BB-13B52128ED12}.Debug|x86.ActiveCfg = Debug|Win32
		{D70723D0-A0A4-4373-A1BB-13B52128ED12}.Debug|x86.Build.0 = Debug|Win32
		{D70723D0-A0A4-4373-A1BB-13B52128ED12}.Release|x64.ActiveCfg = Release|x64
		{D70723D0-A0A4-4373-A1BB-13B52128ED12}.Release|x64.Build.0 = Release|x64
		{D70723D0-A0A4-4373-A1BB-13B52128ED12}.Release|x86.ActiveCfg = Release|Win32
		{D70723D0-A0A4-4373-A1BB-13B52128ED12}.Release|x86.Build.0 = Release|Win32
		{04C1C689-C42D-4655-A1C4-044B728F6569}.Debug|x64.ActiveCfg = Debug|x64
		{04C1C689-C42D-4655-A1C4-044B728F6569}.Debug|x64.Build.0 = Debug|x64
		{04C1C689-C42D-4655-A1C4-044B728F6569}.Debug|x86.ActiveCfg = Debug|Win32
		{04C1C689-C42D-4655-A1C4-044B728F6569}.Debug|x86.Build.0 = Debug|Win32
		{04C1C689-C42D-4655-A1C4-044B728F6569}.Release|x64.ActiveCfg = Release|x64
		{04C1C689-C42D-4655-A1C4-044B728F6569}.Release|x64.Build.0 = Release|x64
		{04C1C689-C42D-4655-A1C4-044B728F6569}.Release|x86.ActiveCfg = Release|Win32
		{04C1C689-C42D-4655-A1C4-044B728F6569}.Release|x86.Build.0 = Release|Win32
		{479F5160-10F5-4F37-BEE3-26EB07B5FCF1}.Debug|x64.ActiveCfg = Debug|x64
		{479F5160-10F5-4F37-BEE3-26EB07B5FCF1}.Debug|x64.Build.0 = Debug|x64
		{479F5160-10F5-4F37-BEE3-26EB07B5FCF1}.Debug|x86.ActiveCfg = Debug|Win32
		{479F5160-10F5-4F37-BEE3-26EB07B5FCF1}.Debug|x86.Build.0 = Debug|Win32
		{479F5160-10F5-4F37-BEE3-26EB07B5FCF1}.Release|x64.ActiveCfg = Release|x64
		{479F5160-10F5-4F37-BEE3-26EB07B5FCF1}.Release|x64.Build.0 = Release|x64
		{479F5160-10F5-4F37-BEE3-26EB07B5FCF1}.Release|x86.ActiveCfg = Release|Win32
		{479F5160-10F5-4F37-BEE3-26EB07B5FCF1}.Release|x86.Build.0 = Release|Win32
	EndGlobalSection
	GlobalSection(SolutionProperties) = preSolution
		HideSolutionNode = FALSE
	EndGlobalSection
	GlobalSection(ExtensibilityGlobals) = postSolution
		SolutionGuid = {CFD63446-CD24-46F3-8851-4B7EC2D774D0}
	EndGlobalSection
EndGlobal
