
Microsoft Visual Studio Solution File, Format Version 12.00
# Visual Studio Version 17
VisualStudioVersion = 17.7.34024.191
MinimumVisualStudioVersion = 10.0.40219.1
Project("{8BC9CEB8-8B4A-11D0-8D11-00A0C91BC942}") = "Lecture2", "Lecture2\Lecture2.vcxproj", "{D4E2F7E9-4C07-41EB-9BC5-E0661999C390}"
EndProject
Project("{8BC9CEB8-8B4A-11D0-8D11-00A0C91BC942}") = "Lecture3", "Lecture3\Lecture3.vcxproj", "{D9D915B3-E97D-4C9A-A044-0A27681B0A9D}"
EndProject
Project("{8BC9CEB8-8B4A-11D0-8D11-00A0C91BC942}") = "Lecture5", "Lecture5\Lecture5.vcxproj", "{0A1818D9-C88D-40C9-B942-5C70ACBB78B0}"
EndProject
Project("{8BC9CEB8-8B4A-11D0-8D11-00A0C91BC942}") = "Lecture6", "Lecture6\Lecture6.vcxproj", "{EEB84166-2C4A-482B-9714-AACCBF661B3B}"
EndProject
Project("{8BC9CEB8-8B4A-11D0-8D11-00A0C91BC942}") = "Lecture7", "Lecture7\Lecture7.vcxproj", "{DD50E0C0-822D-4452-ABC5-C5576C388094}"
EndProject
Project("{8BC9CEB8-8B4A-11D0-8D11-00A0C91BC942}") = "Lecture8", "Lecture8\Lecture8.vcxproj", "{B97A7876-6419-4853-93ED-B4D03C088A90}"
EndProject
Project("{8BC9CEB8-8B4A-11D0-8D11-00A0C91BC942}") = "Lecture9", "Lecture9\Lecture9.vcxproj", "{26CDD949-F00E-4242-91FF-9100AC7E3570}"
EndProject
Project("{8BC9CEB8-8B4A-11D0-8D11-00A0C91BC942}") = "Lecture11", "Lecture11\Lecture11.vcxproj", "{27939E27-D658-4DA0-AAA9-F939DBCF680D}"
EndProject
Project("{8BC9CEB8-8B4A-11D0-8D11-00A0C91BC942}") = "Lecture12", "Lecture12\Lecture12.vcxproj", "{B31BAB63-6070-4DB6-83C2-5742F12E1488}"
EndProject
Project("{8BC9CEB8-8B4A-11D0-8D11-00A0C91BC942}") = "Lecture13", "Lecture13\Lecture13.vcxproj", "{3ABD9D59-2B0B-4477-BF1D-A4E5E2D7F1DD}"
EndProject
Project("{8BC9CEB8-8B4A-11D0-8D11-00A0C91BC942}") = "Lecture14", "Lecture14\Lecture14.vcxproj", "{629775F1-9D6A-46E7-9C10-19C2474DE52A}"
EndProject
Project("{8BC9CEB8-8B4A-11D0-8D11-00A0C91BC942}") = "Lecture15", "Lecture15\Lecture15.vcxproj", "{393D7E05-CCC2-48A7-9839-15331F66700B}"
EndProject
Project("{8BC9CEB8-8B4A-11D0-8D11-00A0C91BC942}") = "Lecture16", "Lecture16\Lecture16.vcxproj", "{B9DE255A-D0A1-43B4-BA0A-054BF22E5CE0}"
EndProject
Project("{8BC9CEB8-8B4A-11D0-8D11-00A0C91BC942}") = "Lecture18", "Lecture18\Lecture18.vcxproj", "{90A7B2DE-5382-45B0-8C6D-9617ECEA2F90}"
EndProject
Project("{8BC9CEB8-8B4A-11D0-8D11-00A0C91BC942}") = "Lecture19", "Lecture19\Lecture19.vcxproj", "{85FF72A0-EB00-4294-815F-682DA3C9B76C}"
EndProject
Global
	GlobalSection(SolutionConfigurationPlatforms) = preSolution
		Debug|x64 = Debug|x64
		Debug|x86 = Debug|x86
		Release|x64 = Release|x64
		Release|x86 = Release|x86
	EndGlobalSection
	GlobalSection(ProjectConfigurationPlatforms) = postSolution
		{D4E2F7E9-4C07-41EB-9BC5-E0661999C390}.Debug|x64.ActiveCfg = Debug|x64
		{D4E2F7E9-4C07-41EB-9BC5-E0661999C390}.Debug|x64.Build.0 = Debug|x64
		{D4E2F7E9-4C07-41EB-9BC5-E0661999C390}.Debug|x86.ActiveCfg = Debug|Win32
		{D4E2F7E9-4C07-41EB-9BC5-E0661999C390}.Debug|x86.Build.0 = Debug|Win32
		{D4E2F7E9-4C07-41EB-9BC5-E0661999C390}.Release|x64.ActiveCfg = Release|x64
		{D4E2F7E9-4C07-41EB-9BC5-E0661999C390}.Release|x64.Build.0 = Release|x64
		{D4E2F7E9-4C07-41EB-9BC5-E0661999C390}.Release|x86.ActiveCfg = Release|Win32
		{D4E2F7E9-4C07-41EB-9BC5-E0661999C390}.Release|x86.Build.0 = Release|Win32
		{D9D915B3-E97D-4C9A-A044-0A27681B0A9D}.Debug|x64.ActiveCfg = Debug|x64
		{D9D915B3-E97D-4C9A-A044-0A27681B0A9D}.Debug|x64.Build.0 = Debug|x64
		{D9D915B3-E97D-4C9A-A044-0A27681B0A9D}.Debug|x86.ActiveCfg = Debug|Win32
		{D9D915B3-E97D-4C9A-A044-0A27681B0A9D}.Debug|x86.Build.0 = Debug|Win32
		{D9D915B3-E97D-4C9A-A044-0A27681B0A9D}.Release|x64.ActiveCfg = Release|x64
		{D9D915B3-E97D-4C9A-A044-0A27681B0A9D}.Release|x64.Build.0 = Release|x64
		{D9D915B3-E97D-4C9A-A044-0A27681B0A9D}.Release|x86.ActiveCfg = Release|Win32
		{D9D915B3-E97D-4C9A-A044-0A27681B0A9D}.Release|x86.Build.0 = Release|Win32
		{0A1818D9-C88D-40C9-B942-5C70ACBB78B0}.Debug|x64.ActiveCfg = Debug|x64
		{0A1818D9-C88D-40C9-B942-5C70ACBB78B0}.Debug|x64.Build.0 = Debug|x64
		{0A1818D9-C88D-40C9-B942-5C70ACBB78B0}.Debug|x86.ActiveCfg = Debug|Win32
		{0A1818D9-C88D-40C9-B942-5C70ACBB78B0}.Debug|x86.Build.0 = Debug|Win32
		{0A1818D9-C88D-40C9-B942-5C70ACBB78B0}.Release|x64.ActiveCfg = Release|x64
		{0A1818D9-C88D-40C9-B942-5C70ACBB78B0}.Release|x64.Build.0 = Release|x64
		{0A1818D9-C88D-40C9-B942-5C70ACBB78B0}.Release|x86.ActiveCfg = Release|Win32
		{0A1818D9-C88D-40C9-B942-5C70ACBB78B0}.Release|x86.Build.0 = Release|Win32
		{EEB84166-2C4A-482B-9714-AACCBF661B3B}.Debug|x64.ActiveCfg = Debug|x64
		{EEB84166-2C4A-482B-9714-AACCBF661B3B}.Debug|x64.Build.0 = Debug|x64
		{EEB84166-2C4A-482B-9714-AACCBF661B3B}.Debug|x86.ActiveCfg = Debug|Win32
		{EEB84166-2C4A-482B-9714-AACCBF661B3B}.Debug|x86.Build.0 = Debug|Win32
		{EEB84166-2C4A-482B-9714-AACCBF661B3B}.Release|x64.ActiveCfg = Release|x64
		{EEB84166-2C4A-482B-9714-AACCBF661B3B}.Release|x64.Build.0 = Release|x64
		{EEB84166-2C4A-482B-9714-AACCBF661B3B}.Release|x86.ActiveCfg = Release|Win32
		{EEB84166-2C4A-482B-9714-AACCBF661B3B}.Release|x86.Build.0 = Release|Win32
		{DD50E0C0-822D-4452-ABC5-C5576C388094}.Debug|x64.ActiveCfg = Debug|x64
		{DD50E0C0-822D-4452-ABC5-C5576C388094}.Debug|x64.Build.0 = Debug|x64
		{DD50E0C0-822D-4452-ABC5-C5576C388094}.Debug|x86.ActiveCfg = Debug|Win32
		{DD50E0C0-822D-4452-ABC5-C5576C388094}.Debug|x86.Build.0 = Debug|Win32
		{DD50E0C0-822D-4452-ABC5-C5576C388094}.Release|x64.ActiveCfg = Release|x64
		{DD50E0C0-822D-4452-ABC5-C5576C388094}.Release|x64.Build.0 = Release|x64
		{DD50E0C0-822D-4452-ABC5-C5576C388094}.Release|x86.ActiveCfg = Release|Win32
		{DD50E0C0-822D-4452-ABC5-C5576C388094}.Release|x86.Build.0 = Release|Win32
		{B97A7876-6419-4853-93ED-B4D03C088A90}.Debug|x64.ActiveCfg = Debug|x64
		{B97A7876-6419-4853-93ED-B4D03C088A90}.Debug|x64.Build.0 = Debug|x64
		{B97A7876-6419-4853-93ED-B4D03C088A90}.Debug|x86.ActiveCfg = Debug|Win32
		{B97A7876-6419-4853-93ED-B4D03C088A90}.Debug|x86.Build.0 = Debug|Win32
		{B97A7876-6419-4853-93ED-B4D03C088A90}.Release|x64.ActiveCfg = Release|x64
		{B97A7876-6419-4853-93ED-B4D03C088A90}.Release|x64.Build.0 = Release|x64
		{B97A7876-6419-4853-93ED-B4D03C088A90}.Release|x86.ActiveCfg = Release|Win32
		{B97A7876-6419-4853-93ED-B4D03C088A90}.Release|x86.Build.0 = Release|Win32
		{26CDD949-F00E-4242-91FF-9100AC7E3570}.Debug|x64.ActiveCfg = Debug|x64
		{26CDD949-F00E-4242-91FF-9100AC7E3570}.Debug|x64.Build.0 = Debug|x64
		{26CDD949-F00E-4242-91FF-9100AC7E3570}.Debug|x86.ActiveCfg = Debug|Win32
		{26CDD949-F00E-4242-91FF-9100AC7E3570}.Debug|x86.Build.0 = Debug|Win32
		{26CDD949-F00E-4242-91FF-9100AC7E3570}.Release|x64.ActiveCfg = Release|x64
		{26CDD949-F00E-4242-91FF-9100AC7E3570}.Release|x64.Build.0 = Release|x64
		{26CDD949-F00E-4242-91FF-9100AC7E3570}.Release|x86.ActiveCfg = Release|Win32
		{26CDD949-F00E-4242-91FF-9100AC7E3570}.Release|x86.Build.0 = Release|Win32
		{27939E27-D658-4DA0-AAA9-F939DBCF680D}.Debug|x64.ActiveCfg = Debug|x64
		{27939E27-D658-4DA0-AAA9-F939DBCF680D}.Debug|x64.Build.0 = Debug|x64
		{27939E27-D658-4DA0-AAA9-F939DBCF680D}.Debug|x86.ActiveCfg = Debug|Win32
		{27939E27-D658-4DA0-AAA9-F939DBCF680D}.Debug|x86.Build.0 = Debug|Win32
		{27939E27-D658-4DA0-AAA9-F939DBCF680D}.Release|x64.ActiveCfg = Release|x64
		{27939E27-D658-4DA0-AAA9-F939DBCF680D}.Release|x64.Build.0 = Release|x64
		{27939E27-D658-4DA0-AAA9-F939DBCF680D}.Release|x86.ActiveCfg = Release|Win32
		{27939E27-D658-4DA0-AAA9-F939DBCF680D}.Release|x86.Build.0 = Release|Win32
		{B31BAB63-6070-4DB6-83C2-5742F12E1488}.Debug|x64.ActiveCfg = Debug|x64
		{B31BAB63-6070-4DB6-83C2-5742F12E1488}.Debug|x64.Build.0 = Debug|x64
		{B31BAB63-6070-4DB6-83C2-5742F12E1488}.Debug|x86.ActiveCfg = Debug|Win32
		{B31BAB63-6070-4DB6-83C2-5742F12E1488}.Debug|x86.Build.0 = Debug|Win32
		{B31BAB63-6070-4DB6-83C2-5742F12E1488}.Release|x64.ActiveCfg = Release|x64
		{B31BAB63-6070-4DB6-83C2-5742F12E1488}.Release|x64.Build.0 = Release|x64
		{B31BAB63-6070-4DB6-83C2-5742F12E1488}.Release|x86.ActiveCfg = Release|Win32
		{B31BAB63-6070-4DB6-83C2-5742F12E1488}.Release|x86.Build.0 = Release|Win32
		{3ABD9D59-2B0B-4477-BF1D-A4E5E2D7F1DD}.Debug|x64.ActiveCfg = Debug|x64
		{3ABD9D59-2B0B-4477-BF1D-A4E5E2D7F1DD}.Debug|x64.Build.0 = Debug|x64
		{3ABD9D59-2B0B-4477-BF1D-A4E5E2D7F1DD}.Debug|x86.ActiveCfg = Debug|Win32
		{3ABD9D59-2B0B-4477-BF1D-A4E5E2D7F1DD}.Debug|x86.Build.0 = Debug|Win32
		{3ABD9D59-2B0B-4477-BF1D-A4E5E2D7F1DD}.Release|x64.ActiveCfg = Release|x64
		{3ABD9D59-2B0B-4477-BF1D-A4E5E2D7F1DD}.Release|x64.Build.0 = Release|x64
		{3ABD9D59-2B0B-4477-BF1D-A4E5E2D7F1DD}.Release|x86.ActiveCfg = Release|Win32
		{3ABD9D59-2B0B-4477-BF1D-A4E5E2D7F1DD}.Release|x86.Build.0 = Release|Win32
		{629775F1-9D6A-46E7-9C10-19C2474DE52A}.Debug|x64.ActiveCfg = Debug|x64
		{629775F1-9D6A-46E7-9C10-19C2474DE52A}.Debug|x64.Build.0 = Debug|x64
		{629775F1-9D6A-46E7-9C10-19C2474DE52A}.Debug|x86.ActiveCfg = Debug|Win32
		{629775F1-9D6A-46E7-9C10-19C2474DE52A}.Debug|x86.Build.0 = Debug|Win32
		{629775F1-9D6A-46E7-9C10-19C2474DE52A}.Release|x64.ActiveCfg = Release|x64
		{629775F1-9D6A-46E7-9C10-19C2474DE52A}.Release|x64.Build.0 = Release|x64
		{629775F1-9D6A-46E7-9C10-19C2474DE52A}.Release|x86.ActiveCfg = Release|Win32
		{629775F1-9D6A-46E7-9C10-19C2474DE52A}.Release|x86.Build.0 = Release|Win32
		{393D7E05-CCC2-48A7-9839-15331F66700B}.Debug|x64.ActiveCfg = Debug|x64
		{393D7E05-CCC2-48A7-9839-15331F66700B}.Debug|x64.Build.0 = Debug|x64
		{393D7E05-CCC2-48A7-9839-15331F66700B}.Debug|x86.ActiveCfg = Debug|Win32
		{393D7E05-CCC2-48A7-9839-15331F66700B}.Debug|x86.Build.0 = Debug|Win32
		{393D7E05-CCC2-48A7-9839-15331F66700B}.Release|x64.ActiveCfg = Release|x64
		{393D7E05-CCC2-48A7-9839-15331F66700B}.Release|x64.Build.0 = Release|x64
		{393D7E05-CCC2-48A7-9839-15331F66700B}.Release|x86.ActiveCfg = Release|Win32
		{393D7E05-CCC2-48A7-9839-15331F66700B}.Release|x86.Build.0 = Release|Win32
		{B9DE255A-D0A1-43B4-BA0A-054BF22E5CE0}.Debug|x64.ActiveCfg = Debug|x64
		{B9DE255A-D0A1-43B4-BA0A-054BF22E5CE0}.Debug|x64.Build.0 = Debug|x64
		{B9DE255A-D0A1-43B4-BA0A-054BF22E5CE0}.Debug|x86.ActiveCfg = Debug|Win32
		{B9DE255A-D0A1-43B4-BA0A-054BF22E5CE0}.Debug|x86.Build.0 = Debug|Win32
		{B9DE255A-D0A1-43B4-BA0A-054BF22E5CE0}.Release|x64.ActiveCfg = Release|x64
		{B9DE255A-D0A1-43B4-BA0A-054BF22E5CE0}.Release|x64.Build.0 = Release|x64
		{B9DE255A-D0A1-43B4-BA0A-054BF22E5CE0}.Release|x86.ActiveCfg = Release|Win32
		{B9DE255A-D0A1-43B4-BA0A-054BF22E5CE0}.Release|x86.Build.0 = Release|Win32
		{90A7B2DE-5382-45B0-8C6D-9617ECEA2F90}.Debug|x64.ActiveCfg = Debug|x64
		{90A7B2DE-5382-45B0-8C6D-9617ECEA2F90}.Debug|x64.Build.0 = Debug|x64
		{90A7B2DE-5382-45B0-8C6D-9617ECEA2F90}.Debug|x86.ActiveCfg = Debug|Win32
		{90A7B2DE-5382-45B0-8C6D-9617ECEA2F90}.Debug|x86.Build.0 = Debug|Win32
		{90A7B2DE-5382-45B0-8C6D-9617ECEA2F90}.Release|x64.ActiveCfg = Release|x64
		{90A7B2DE-5382-45B0-8C6D-9617ECEA2F90}.Release|x64.Build.0 = Release|x64
		{90A7B2DE-5382-45B0-8C6D-9617ECEA2F90}.Release|x86.ActiveCfg = Release|Win32
		{90A7B2DE-5382-45B0-8C6D-9617ECEA2F90}.Release|x86.Build.0 = Release|Win32
		{85FF72A0-EB00-4294-815F-682DA3C9B76C}.Debug|x64.ActiveCfg = Debug|x64
		{85FF72A0-EB00-4294-815F-682DA3C9B76C}.Debug|x64.Build.0 = Debug|x64
		{85FF72A0-EB00-4294-815F-682DA3C9B76C}.Debug|x86.ActiveCfg = Debug|Win32
		{85FF72A0-EB00-4294-815F-682DA3C9B76C}.Debug|x86.Build.0 = Debug|Win32
		{85FF72A0-EB00-4294-815F-682DA3C9B76C}.Release|x64.ActiveCfg = Release|x64
		{85FF72A0-EB00-4294-815F-682DA3C9B76C}.Release|x64.Build.0 = Release|x64
		{85FF72A0-EB00-4294-815F-682DA3C9B76C}.Release|x86.ActiveCfg = Release|Win32
		{85FF72A0-EB00-4294-815F-682DA3C9B76C}.Release|x86.Build.0 = Release|Win32
	EndGlobalSection
	GlobalSection(SolutionProperties) = preSolution
		HideSolutionNode = FALSE
	EndGlobalSection
	GlobalSection(ExtensibilityGlobals) = postSolution
		SolutionGuid = {2D1C38AA-44BE-4DE3-819F-44DAAF5D0993}
	EndGlobalSection
EndGlobal
