
Microsoft Visual Studio Solution File, Format Version 12.00
# Visual Studio Version 17
VisualStudioVersion = 17.7.34024.191
MinimumVisualStudioVersion = 10.0.40219.1
Project("{8BC9CEB8-8B4A-11D0-8D11-00A0C91BC942}") = "Lecture1", "Lecture1\Lecture1.vcxproj", "{3EFF4CC4-16A8-4C93-AC73-611C2A34BA2E}"
EndProject
Project("{8BC9CEB8-8B4A-11D0-8D11-00A0C91BC942}") = "Lecture2", "Lecture2\Lecture2.vcxproj", "{7DC995AD-1F50-4160-8E93-FE78AF2F91DD}"
EndProject
Project("{8BC9CEB8-8B4A-11D0-8D11-00A0C91BC942}") = "Lecture3", "Lecture3\Lecture3.vcxproj", "{B7588BAD-8243-4B89-BF00-43A7B12A0D11}"
EndProject
Project("{8BC9CEB8-8B4A-11D0-8D11-00A0C91BC942}") = "Lecture4", "Lecture4\Lecture4.vcxproj", "{42FEF3DC-B900-44B3-B279-25C6BF6160EB}"
EndProject
Project("{8BC9CEB8-8B4A-11D0-8D11-00A0C91BC942}") = "Lecture5", "Lecture5\Lecture5.vcxproj", "{4132F98B-D7E5-4D28-972A-0F69CC91E8CF}"
EndProject
Project("{8BC9CEB8-8B4A-11D0-8D11-00A0C91BC942}") = "Lecture6", "Lecture6\Lecture6.vcxproj", "{05C140FB-EC07-4DF6-A40F-77FA30B5FEDB}"
EndProject
Project("{8BC9CEB8-8B4A-11D0-8D11-00A0C91BC942}") = "Lecture7", "Lecture7\Lecture7.vcxproj", "{5C228817-2830-4859-A0CF-6E66ED1A8515}"
EndProject
Project("{8BC9CEB8-8B4A-11D0-8D11-00A0C91BC942}") = "Lecture8", "Lecture8\Lecture8.vcxproj", "{885B2EFA-A612-42AC-87C5-9661FEE0249E}"
EndProject
Project("{8BC9CEB8-8B4A-11D0-8D11-00A0C91BC942}") = "Lecture9", "Lecture9\Lecture9.vcxproj", "{C2449A02-310B-4D4E-B8E7-90CBD3A7F3CF}"
EndProject
Project("{8BC9CEB8-8B4A-11D0-8D11-00A0C91BC942}") = "Lecture10", "Lecture10\Lecture10.vcxproj", "{1BD5470A-8258-4C51-89EB-9F9EAA275CA3}"
EndProject
Global
	GlobalSection(SolutionConfigurationPlatforms) = preSolution
		Debug|x64 = Debug|x64
		Debug|x86 = Debug|x86
		Release|x64 = Release|x64
		Release|x86 = Release|x86
	EndGlobalSection
	GlobalSection(ProjectConfigurationPlatforms) = postSolution
		{3EFF4CC4-16A8-4C93-AC73-611C2A34BA2E}.Debug|x64.ActiveCfg = Debug|x64
		{3EFF4CC4-16A8-4C93-AC73-611C2A34BA2E}.Debug|x64.Build.0 = Debug|x64
		{3EFF4CC4-16A8-4C93-AC73-611C2A34BA2E}.Debug|x86.ActiveCfg = Debug|Win32
		{3EFF4CC4-16A8-4C93-AC73-611C2A34BA2E}.Debug|x86.Build.0 = Debug|Win32
		{3EFF4CC4-16A8-4C93-AC73-611C2A34BA2E}.Release|x64.ActiveCfg = Release|x64
		{3EFF4CC4-16A8-4C93-AC73-611C2A34BA2E}.Release|x64.Build.0 = Release|x64
		{3EFF4CC4-16A8-4C93-AC73-611C2A34BA2E}.Release|x86.ActiveCfg = Release|Win32
		{3EFF4CC4-16A8-4C93-AC73-611C2A34BA2E}.Release|x86.Build.0 = Release|Win32
		{7DC995AD-1F50-4160-8E93-FE78AF2F91DD}.Debug|x64.ActiveCfg = Debug|x64
		{7DC995AD-1F50-4160-8E93-FE78AF2F91DD}.Debug|x64.Build.0 = Debug|x64
		{7DC995AD-1F50-4160-8E93-FE78AF2F91DD}.Debug|x86.ActiveCfg = Debug|Win32
		{7DC995AD-1F50-4160-8E93-FE78AF2F91DD}.Debug|x86.Build.0 = Debug|Win32
		{7DC995AD-1F50-4160-8E93-FE78AF2F91DD}.Release|x64.ActiveCfg = Release|x64
		{7DC995AD-1F50-4160-8E93-FE78AF2F91DD}.Release|x64.Build.0 = Release|x64
		{7DC995AD-1F50-4160-8E93-FE78AF2F91DD}.Release|x86.ActiveCfg = Release|Win32
		{7DC995AD-1F50-4160-8E93-FE78AF2F91DD}.Release|x86.Build.0 = Release|Win32
		{B7588BAD-8243-4B89-BF00-43A7B12A0D11}.Debug|x64.ActiveCfg = Debug|x64
		{B7588BAD-8243-4B89-BF00-43A7B12A0D11}.Debug|x64.Build.0 = Debug|x64
		{B7588BAD-8243-4B89-BF00-43A7B12A0D11}.Debug|x86.ActiveCfg = Debug|Win32
		{B7588BAD-8243-4B89-BF00-43A7B12A0D11}.Debug|x86.Build.0 = Debug|Win32
		{B7588BAD-8243-4B89-BF00-43A7B12A0D11}.Release|x64.ActiveCfg = Release|x64
		{B7588BAD-8243-4B89-BF00-43A7B12A0D11}.Release|x64.Build.0 = Release|x64
		{B7588BAD-8243-4B89-BF00-43A7B12A0D11}.Release|x86.ActiveCfg = Release|Win32
		{B7588BAD-8243-4B89-BF00-43A7B12A0D11}.Release|x86.Build.0 = Release|Win32
		{42FEF3DC-B900-44B3-B279-25C6BF6160EB}.Debug|x64.ActiveCfg = Debug|x64
		{42FEF3DC-B900-44B3-B279-25C6BF6160EB}.Debug|x64.Build.0 = Debug|x64
		{42FEF3DC-B900-44B3-B279-25C6BF6160EB}.Debug|x86.ActiveCfg = Debug|Win32
		{42FEF3DC-B900-44B3-B279-25C6BF6160EB}.Debug|x86.Build.0 = Debug|Win32
		{42FEF3DC-B900-44B3-B279-25C6BF6160EB}.Release|x64.ActiveCfg = Release|x64
		{42FEF3DC-B900-44B3-B279-25C6BF6160EB}.Release|x64.Build.0 = Release|x64
		{42FEF3DC-B900-44B3-B279-25C6BF6160EB}.Release|x86.ActiveCfg = Release|Win32
		{42FEF3DC-B900-44B3-B279-25C6BF6160EB}.Release|x86.Build.0 = Release|Win32
		{4132F98B-D7E5-4D28-972A-0F69CC91E8CF}.Debug|x64.ActiveCfg = Debug|x64
		{4132F98B-D7E5-4D28-972A-0F69CC91E8CF}.Debug|x64.Build.0 = Debug|x64
		{4132F98B-D7E5-4D28-972A-0F69CC91E8CF}.Debug|x86.ActiveCfg = Debug|Win32
		{4132F98B-D7E5-4D28-972A-0F69CC91E8CF}.Debug|x86.Build.0 = Debug|Win32
		{4132F98B-D7E5-4D28-972A-0F69CC91E8CF}.Release|x64.ActiveCfg = Release|x64
		{4132F98B-D7E5-4D28-972A-0F69CC91E8CF}.Release|x64.Build.0 = Release|x64
		{4132F98B-D7E5-4D28-972A-0F69CC91E8CF}.Release|x86.ActiveCfg = Release|Win32
		{4132F98B-D7E5-4D28-972A-0F69CC91E8CF}.Release|x86.Build.0 = Release|Win32
		{05C140FB-EC07-4DF6-A40F-77FA30B5FEDB}.Debug|x64.ActiveCfg = Debug|x64
		{05C140FB-EC07-4DF6-A40F-77FA30B5FEDB}.Debug|x64.Build.0 = Debug|x64
		{05C140FB-EC07-4DF6-A40F-77FA30B5FEDB}.Debug|x86.ActiveCfg = Debug|Win32
		{05C140FB-EC07-4DF6-A40F-77FA30B5FEDB}.Debug|x86.Build.0 = Debug|Win32
		{05C140FB-EC07-4DF6-A40F-77FA30B5FEDB}.Release|x64.ActiveCfg = Release|x64
		{05C140FB-EC07-4DF6-A40F-77FA30B5FEDB}.Release|x64.Build.0 = Release|x64
		{05C140FB-EC07-4DF6-A40F-77FA30B5FEDB}.Release|x86.ActiveCfg = Release|Win32
		{05C140FB-EC07-4DF6-A40F-77FA30B5FEDB}.Release|x86.Build.0 = Release|Win32
		{5C228817-2830-4859-A0CF-6E66ED1A8515}.Debug|x64.ActiveCfg = Debug|x64
		{5C228817-2830-4859-A0CF-6E66ED1A8515}.Debug|x64.Build.0 = Debug|x64
		{5C228817-2830-4859-A0CF-6E66ED1A8515}.Debug|x86.ActiveCfg = Debug|Win32
		{5C228817-2830-4859-A0CF-6E66ED1A8515}.Debug|x86.Build.0 = Debug|Win32
		{5C228817-2830-4859-A0CF-6E66ED1A8515}.Release|x64.ActiveCfg = Release|x64
		{5C228817-2830-4859-A0CF-6E66ED1A8515}.Release|x64.Build.0 = Release|x64
		{5C228817-2830-4859-A0CF-6E66ED1A8515}.Release|x86.ActiveCfg = Release|Win32
		{5C228817-2830-4859-A0CF-6E66ED1A8515}.Release|x86.Build.0 = Release|Win32
		{885B2EFA-A612-42AC-87C5-9661FEE0249E}.Debug|x64.ActiveCfg = Debug|x64
		{885B2EFA-A612-42AC-87C5-9661FEE0249E}.Debug|x64.Build.0 = Debug|x64
		{885B2EFA-A612-42AC-87C5-9661FEE0249E}.Debug|x86.ActiveCfg = Debug|Win32
		{885B2EFA-A612-42AC-87C5-9661FEE0249E}.Debug|x86.Build.0 = Debug|Win32
		{885B2EFA-A612-42AC-87C5-9661FEE0249E}.Release|x64.ActiveCfg = Release|x64
		{885B2EFA-A612-42AC-87C5-9661FEE0249E}.Release|x64.Build.0 = Release|x64
		{885B2EFA-A612-42AC-87C5-9661FEE0249E}.Release|x86.ActiveCfg = Release|Win32
		{885B2EFA-A612-42AC-87C5-9661FEE0249E}.Release|x86.Build.0 = Release|Win32
		{C2449A02-310B-4D4E-B8E7-90CBD3A7F3CF}.Debug|x64.ActiveCfg = Debug|x64
		{C2449A02-310B-4D4E-B8E7-90CBD3A7F3CF}.Debug|x64.Build.0 = Debug|x64
		{C2449A02-310B-4D4E-B8E7-90CBD3A7F3CF}.Debug|x86.ActiveCfg = Debug|Win32
		{C2449A02-310B-4D4E-B8E7-90CBD3A7F3CF}.Debug|x86.Build.0 = Debug|Win32
		{C2449A02-310B-4D4E-B8E7-90CBD3A7F3CF}.Release|x64.ActiveCfg = Release|x64
		{C2449A02-310B-4D4E-B8E7-90CBD3A7F3CF}.Release|x64.Build.0 = Release|x64
		{C2449A02-310B-4D4E-B8E7-90CBD3A7F3CF}.Release|x86.ActiveCfg = Release|Win32
		{C2449A02-310B-4D4E-B8E7-90CBD3A7F3CF}.Release|x86.Build.0 = Release|Win32
		{1BD5470A-8258-4C51-89EB-9F9EAA275CA3}.Debug|x64.ActiveCfg = Debug|x64
		{1BD5470A-8258-4C51-89EB-9F9EAA275CA3}.Debug|x64.Build.0 = Debug|x64
		{1BD5470A-8258-4C51-89EB-9F9EAA275CA3}.Debug|x86.ActiveCfg = Debug|Win32
		{1BD5470A-8258-4C51-89EB-9F9EAA275CA3}.Debug|x86.Build.0 = Debug|Win32
		{1BD5470A-8258-4C51-89EB-9F9EAA275CA3}.Release|x64.ActiveCfg = Release|x64
		{1BD5470A-8258-4C51-89EB-9F9EAA275CA3}.Release|x64.Build.0 = Release|x64
		{1BD5470A-8258-4C51-89EB-9F9EAA275CA3}.Release|x86.ActiveCfg = Release|Win32
		{1BD5470A-8258-4C51-89EB-9F9EAA275CA3}.Release|x86.Build.0 = Release|Win32
	EndGlobalSection
	GlobalSection(SolutionProperties) = preSolution
		HideSolutionNode = FALSE
	EndGlobalSection
	GlobalSection(ExtensibilityGlobals) = postSolution
		SolutionGuid = {5F8ED871-8B56-499A-A8CF-41E549BD3DA1}
	EndGlobalSection
EndGlobal
