
Microsoft Visual Studio Solution File, Format Version 12.00
# Visual Studio Version 17
VisualStudioVersion = 17.7.34009.444
MinimumVisualStudioVersion = 10.0.40219.1
Project("{8BC9CEB8-8B4A-11D0-8D11-00A0C91BC942}") = "Lecture2", "Lecture2\Lecture2.vcxproj", "{62CB46F1-25AA-4826-A8ED-ED99350AAD5F}"
EndProject
Project("{8BC9CEB8-8B4A-11D0-8D11-00A0C91BC942}") = "Lecture3", "Lecture3\Lecture3.vcxproj", "{C53B16DE-EE9C-4B96-AAFB-8C20930BE958}"
EndProject
Project("{8BC9CEB8-8B4A-11D0-8D11-00A0C91BC942}") = "Lecture4", "Lecture4\Lecture4.vcxproj", "{3C9FB3FB-C337-42C1-89D6-8296ED7A0EB3}"
EndProject
Project("{8BC9CEB8-8B4A-11D0-8D11-00A0C91BC942}") = "Lecture5", "Lecture5\Lecture5.vcxproj", "{11F97AD3-0407-4300-86E6-1AD702D3A079}"
EndProject
Project("{8BC9CEB8-8B4A-11D0-8D11-00A0C91BC942}") = "Lecture6", "Lecture6\Lecture6.vcxproj", "{5990204A-BB04-4EFA-9EF7-6A655603FC4D}"
EndProject
Project("{8BC9CEB8-8B4A-11D0-8D11-00A0C91BC942}") = "Lecture7", "Lecture7\Lecture7.vcxproj", "{D3A32100-FF96-403D-B77D-54CB551AC6A5}"
EndProject
Project("{8BC9CEB8-8B4A-11D0-8D11-00A0C91BC942}") = "Lecture8", "Lecture8\Lecture8.vcxproj", "{7E0A4ED1-FC15-4F9A-9E32-0738E7C64743}"
EndProject
Global
	GlobalSection(SolutionConfigurationPlatforms) = preSolution
		Debug|x64 = Debug|x64
		Debug|x86 = Debug|x86
		Release|x64 = Release|x64
		Release|x86 = Release|x86
	EndGlobalSection
	GlobalSection(ProjectConfigurationPlatforms) = postSolution
		{62CB46F1-25AA-4826-A8ED-ED99350AAD5F}.Debug|x64.ActiveCfg = Debug|x64
		{62CB46F1-25AA-4826-A8ED-ED99350AAD5F}.Debug|x64.Build.0 = Debug|x64
		{62CB46F1-25AA-4826-A8ED-ED99350AAD5F}.Debug|x86.ActiveCfg = Debug|Win32
		{62CB46F1-25AA-4826-A8ED-ED99350AAD5F}.Debug|x86.Build.0 = Debug|Win32
		{62CB46F1-25AA-4826-A8ED-ED99350AAD5F}.Release|x64.ActiveCfg = Release|x64
		{62CB46F1-25AA-4826-A8ED-ED99350AAD5F}.Release|x64.Build.0 = Release|x64
		{62CB46F1-25AA-4826-A8ED-ED99350AAD5F}.Release|x86.ActiveCfg = Release|Win32
		{62CB46F1-25AA-4826-A8ED-ED99350AAD5F}.Release|x86.Build.0 = Release|Win32
		{C53B16DE-EE9C-4B96-AAFB-8C20930BE958}.Debug|x64.ActiveCfg = Debug|x64
		{C53B16DE-EE9C-4B96-AAFB-8C20930BE958}.Debug|x64.Build.0 = Debug|x64
		{C53B16DE-EE9C-4B96-AAFB-8C20930BE958}.Debug|x86.ActiveCfg = Debug|Win32
		{C53B16DE-EE9C-4B96-AAFB-8C20930BE958}.Debug|x86.Build.0 = Debug|Win32
		{C53B16DE-EE9C-4B96-AAFB-8C20930BE958}.Release|x64.ActiveCfg = Release|x64
		{C53B16DE-EE9C-4B96-AAFB-8C20930BE958}.Release|x64.Build.0 = Release|x64
		{C53B16DE-EE9C-4B96-AAFB-8C20930BE958}.Release|x86.ActiveCfg = Release|Win32
		{C53B16DE-EE9C-4B96-AAFB-8C20930BE958}.Release|x86.Build.0 = Release|Win32
		{3C9FB3FB-C337-42C1-89D6-8296ED7A0EB3}.Debug|x64.ActiveCfg = Debug|x64
		{3C9FB3FB-C337-42C1-89D6-8296ED7A0EB3}.Debug|x64.Build.0 = Debug|x64
		{3C9FB3FB-C337-42C1-89D6-8296ED7A0EB3}.Debug|x86.ActiveCfg = Debug|Win32
		{3C9FB3FB-C337-42C1-89D6-8296ED7A0EB3}.Debug|x86.Build.0 = Debug|Win32
		{3C9FB3FB-C337-42C1-89D6-8296ED7A0EB3}.Release|x64.ActiveCfg = Release|x64
		{3C9FB3FB-C337-42C1-89D6-8296ED7A0EB3}.Release|x64.Build.0 = Release|x64
		{3C9FB3FB-C337-42C1-89D6-8296ED7A0EB3}.Release|x86.ActiveCfg = Release|Win32
		{3C9FB3FB-C337-42C1-89D6-8296ED7A0EB3}.Release|x86.Build.0 = Release|Win32
		{11F97AD3-0407-4300-86E6-1AD702D3A079}.Debug|x64.ActiveCfg = Debug|x64
		{11F97AD3-0407-4300-86E6-1AD702D3A079}.Debug|x64.Build.0 = Debug|x64
		{11F97AD3-0407-4300-86E6-1AD702D3A079}.Debug|x86.ActiveCfg = Debug|Win32
		{11F97AD3-0407-4300-86E6-1AD702D3A079}.Debug|x86.Build.0 = Debug|Win32
		{11F97AD3-0407-4300-86E6-1AD702D3A079}.Release|x64.ActiveCfg = Release|x64
		{11F97AD3-0407-4300-86E6-1AD702D3A079}.Release|x64.Build.0 = Release|x64
		{11F97AD3-0407-4300-86E6-1AD702D3A079}.Release|x86.ActiveCfg = Release|Win32
		{11F97AD3-0407-4300-86E6-1AD702D3A079}.Release|x86.Build.0 = Release|Win32
		{5990204A-BB04-4EFA-9EF7-6A655603FC4D}.Debug|x64.ActiveCfg = Debug|x64
		{5990204A-BB04-4EFA-9EF7-6A655603FC4D}.Debug|x64.Build.0 = Debug|x64
		{5990204A-BB04-4EFA-9EF7-6A655603FC4D}.Debug|x86.ActiveCfg = Debug|Win32
		{5990204A-BB04-4EFA-9EF7-6A655603FC4D}.Debug|x86.Build.0 = Debug|Win32
		{5990204A-BB04-4EFA-9EF7-6A655603FC4D}.Release|x64.ActiveCfg = Release|x64
		{5990204A-BB04-4EFA-9EF7-6A655603FC4D}.Release|x64.Build.0 = Release|x64
		{5990204A-BB04-4EFA-9EF7-6A655603FC4D}.Release|x86.ActiveCfg = Release|Win32
		{5990204A-BB04-4EFA-9EF7-6A655603FC4D}.Release|x86.Build.0 = Release|Win32
		{D3A32100-FF96-403D-B77D-54CB551AC6A5}.Debug|x64.ActiveCfg = Debug|x64
		{D3A32100-FF96-403D-B77D-54CB551AC6A5}.Debug|x64.Build.0 = Debug|x64
		{D3A32100-FF96-403D-B77D-54CB551AC6A5}.Debug|x86.ActiveCfg = Debug|Win32
		{D3A32100-FF96-403D-B77D-54CB551AC6A5}.Debug|x86.Build.0 = Debug|Win32
		{D3A32100-FF96-403D-B77D-54CB551AC6A5}.Release|x64.ActiveCfg = Release|x64
		{D3A32100-FF96-403D-B77D-54CB551AC6A5}.Release|x64.Build.0 = Release|x64
		{D3A32100-FF96-403D-B77D-54CB551AC6A5}.Release|x86.ActiveCfg = Release|Win32
		{D3A32100-FF96-403D-B77D-54CB551AC6A5}.Release|x86.Build.0 = Release|Win32
		{7E0A4ED1-FC15-4F9A-9E32-0738E7C64743}.Debug|x64.ActiveCfg = Debug|x64
		{7E0A4ED1-FC15-4F9A-9E32-0738E7C64743}.Debug|x64.Build.0 = Debug|x64
		{7E0A4ED1-FC15-4F9A-9E32-0738E7C64743}.Debug|x86.ActiveCfg = Debug|Win32
		{7E0A4ED1-FC15-4F9A-9E32-0738E7C64743}.Debug|x86.Build.0 = Debug|Win32
		{7E0A4ED1-FC15-4F9A-9E32-0738E7C64743}.Release|x64.ActiveCfg = Release|x64
		{7E0A4ED1-FC15-4F9A-9E32-0738E7C64743}.Release|x64.Build.0 = Release|x64
		{7E0A4ED1-FC15-4F9A-9E32-0738E7C64743}.Release|x86.ActiveCfg = Release|Win32
		{7E0A4ED1-FC15-4F9A-9E32-0738E7C64743}.Release|x86.Build.0 = Release|Win32
	EndGlobalSection
	GlobalSection(SolutionProperties) = preSolution
		HideSolutionNode = FALSE
	EndGlobalSection
	GlobalSection(ExtensibilityGlobals) = postSolution
		SolutionGuid = {57B59998-4AFF-44EC-B082-224A4A61F45C}
	EndGlobalSection
EndGlobal
