
Microsoft Visual Studio Solution File, Format Version 12.00
# Visual Studio Version 17
VisualStudioVersion = 17.7.34024.191
MinimumVisualStudioVersion = 10.0.40219.1
Project("{8BC9CEB8-8B4A-11D0-8D11-00A0C91BC942}") = "Lecture1", "Lecture1\Lecture1.vcxproj", "{A8F52BC0-9503-4FD4-AAE6-7AD9A81EC70A}"
EndProject
Project("{8BC9CEB8-8B4A-11D0-8D11-00A0C91BC942}") = "Lecture2", "Lecture2\Lecture2.vcxproj", "{58F7BC06-3E0E-4213-84FF-4C17F88D5E01}"
EndProject
Project("{8BC9CEB8-8B4A-11D0-8D11-00A0C91BC942}") = "Lecture3", "Lecture3\Lecture3.vcxproj", "{A80A3BC0-8C9C-40D8-AEBB-214C7C393677}"
EndProject
Project("{8BC9CEB8-8B4A-11D0-8D11-00A0C91BC942}") = "Lecture4", "Lecture4\Lecture4.vcxproj", "{61A9A6F2-5C02-48F6-8536-4EAB82AFB4D3}"
EndProject
Project("{8BC9CEB8-8B4A-11D0-8D11-00A0C91BC942}") = "Lecture5", "Lecture5\Lecture5.vcxproj", "{DB1BB97F-EAC2-4E64-8DD4-EBF8C0A0E6EE}"
EndProject
Project("{8BC9CEB8-8B4A-11D0-8D11-00A0C91BC942}") = "Lecture6", "Lecture6\Lecture6.vcxproj", "{F683AA6A-0BC3-4E73-A360-54D6F098206C}"
EndProject
Global
	GlobalSection(SolutionConfigurationPlatforms) = preSolution
		Debug|x64 = Debug|x64
		Debug|x86 = Debug|x86
		Release|x64 = Release|x64
		Release|x86 = Release|x86
	EndGlobalSection
	GlobalSection(ProjectConfigurationPlatforms) = postSolution
		{A8F52BC0-9503-4FD4-AAE6-7AD9A81EC70A}.Debug|x64.ActiveCfg = Debug|x64
		{A8F52BC0-9503-4FD4-AAE6-7AD9A81EC70A}.Debug|x64.Build.0 = Debug|x64
		{A8F52BC0-9503-4FD4-AAE6-7AD9A81EC70A}.Debug|x86.ActiveCfg = Debug|Win32
		{A8F52BC0-9503-4FD4-AAE6-7AD9A81EC70A}.Debug|x86.Build.0 = Debug|Win32
		{A8F52BC0-9503-4FD4-AAE6-7AD9A81EC70A}.Release|x64.ActiveCfg = Release|x64
		{A8F52BC0-9503-4FD4-AAE6-7AD9A81EC70A}.Release|x64.Build.0 = Release|x64
		{A8F52BC0-9503-4FD4-AAE6-7AD9A81EC70A}.Release|x86.ActiveCfg = Release|Win32
		{A8F52BC0-9503-4FD4-AAE6-7AD9A81EC70A}.Release|x86.Build.0 = Release|Win32
		{58F7BC06-3E0E-4213-84FF-4C17F88D5E01}.Debug|x64.ActiveCfg = Debug|x64
		{58F7BC06-3E0E-4213-84FF-4C17F88D5E01}.Debug|x64.Build.0 = Debug|x64
		{58F7BC06-3E0E-4213-84FF-4C17F88D5E01}.Debug|x86.ActiveCfg = Debug|Win32
		{58F7BC06-3E0E-4213-84FF-4C17F88D5E01}.Debug|x86.Build.0 = Debug|Win32
		{58F7BC06-3E0E-4213-84FF-4C17F88D5E01}.Release|x64.ActiveCfg = Release|x64
		{58F7BC06-3E0E-4213-84FF-4C17F88D5E01}.Release|x64.Build.0 = Release|x64
		{58F7BC06-3E0E-4213-84FF-4C17F88D5E01}.Release|x86.ActiveCfg = Release|Win32
		{58F7BC06-3E0E-4213-84FF-4C17F88D5E01}.Release|x86.Build.0 = Release|Win32
		{A80A3BC0-8C9C-40D8-AEBB-214C7C393677}.Debug|x64.ActiveCfg = Debug|x64
		{A80A3BC0-8C9C-40D8-AEBB-214C7C393677}.Debug|x64.Build.0 = Debug|x64
		{A80A3BC0-8C9C-40D8-AEBB-214C7C393677}.Debug|x86.ActiveCfg = Debug|Win32
		{A80A3BC0-8C9C-40D8-AEBB-214C7C393677}.Debug|x86.Build.0 = Debug|Win32
		{A80A3BC0-8C9C-40D8-AEBB-214C7C393677}.Release|x64.ActiveCfg = Release|x64
		{A80A3BC0-8C9C-40D8-AEBB-214C7C393677}.Release|x64.Build.0 = Release|x64
		{A80A3BC0-8C9C-40D8-AEBB-214C7C393677}.Release|x86.ActiveCfg = Release|Win32
		{A80A3BC0-8C9C-40D8-AEBB-214C7C393677}.Release|x86.Build.0 = Release|Win32
		{61A9A6F2-5C02-48F6-8536-4EAB82AFB4D3}.Debug|x64.ActiveCfg = Debug|x64
		{61A9A6F2-5C02-48F6-8536-4EAB82AFB4D3}.Debug|x64.Build.0 = Debug|x64
		{61A9A6F2-5C02-48F6-8536-4EAB82AFB4D3}.Debug|x86.ActiveCfg = Debug|Win32
		{61A9A6F2-5C02-48F6-8536-4EAB82AFB4D3}.Debug|x86.Build.0 = Debug|Win32
		{61A9A6F2-5C02-48F6-8536-4EAB82AFB4D3}.Release|x64.ActiveCfg = Release|x64
		{61A9A6F2-5C02-48F6-8536-4EAB82AFB4D3}.Release|x64.Build.0 = Release|x64
		{61A9A6F2-5C02-48F6-8536-4EAB82AFB4D3}.Release|x86.ActiveCfg = Release|Win32
		{61A9A6F2-5C02-48F6-8536-4EAB82AFB4D3}.Release|x86.Build.0 = Release|Win32
		{DB1BB97F-EAC2-4E64-8DD4-EBF8C0A0E6EE}.Debug|x64.ActiveCfg = Debug|x64
		{DB1BB97F-EAC2-4E64-8DD4-EBF8C0A0E6EE}.Debug|x64.Build.0 = Debug|x64
		{DB1BB97F-EAC2-4E64-8DD4-EBF8C0A0E6EE}.Debug|x86.ActiveCfg = Debug|Win32
		{DB1BB97F-EAC2-4E64-8DD4-EBF8C0A0E6EE}.Debug|x86.Build.0 = Debug|Win32
		{DB1BB97F-EAC2-4E64-8DD4-EBF8C0A0E6EE}.Release|x64.ActiveCfg = Release|x64
		{DB1BB97F-EAC2-4E64-8DD4-EBF8C0A0E6EE}.Release|x64.Build.0 = Release|x64
		{DB1BB97F-EAC2-4E64-8DD4-EBF8C0A0E6EE}.Release|x86.ActiveCfg = Release|Win32
		{DB1BB97F-EAC2-4E64-8DD4-EBF8C0A0E6EE}.Release|x86.Build.0 = Release|Win32
		{F683AA6A-0BC3-4E73-A360-54D6F098206C}.Debug|x64.ActiveCfg = Debug|x64
		{F683AA6A-0BC3-4E73-A360-54D6F098206C}.Debug|x64.Build.0 = Debug|x64
		{F683AA6A-0BC3-4E73-A360-54D6F098206C}.Debug|x86.ActiveCfg = Debug|Win32
		{F683AA6A-0BC3-4E73-A360-54D6F098206C}.Debug|x86.Build.0 = Debug|Win32
		{F683AA6A-0BC3-4E73-A360-54D6F098206C}.Release|x64.ActiveCfg = Release|x64
		{F683AA6A-0BC3-4E73-A360-54D6F098206C}.Release|x64.Build.0 = Release|x64
		{F683AA6A-0BC3-4E73-A360-54D6F098206C}.Release|x86.ActiveCfg = Release|Win32
		{F683AA6A-0BC3-4E73-A360-54D6F098206C}.Release|x86.Build.0 = Release|Win32
	EndGlobalSection
	GlobalSection(SolutionProperties) = preSolution
		HideSolutionNode = FALSE
	EndGlobalSection
	GlobalSection(ExtensibilityGlobals) = postSolution
		SolutionGuid = {049A2C10-2DE6-4622-83AD-ACBEDC5866E9}
	EndGlobalSection
EndGlobal
