
Microsoft Visual Studio Solution File, Format Version 12.00
# Visual Studio Version 17
VisualStudioVersion = 17.7.34009.444
MinimumVisualStudioVersion = 10.0.40219.1
Project("{8BC9CEB8-8B4A-11D0-8D11-00A0C91BC942}") = "Lecture1", "Lecture1\Lecture1.vcxproj", "{8AB5AA26-41AD-46EA-89CE-7066BC749F61}"
EndProject
Project("{8BC9CEB8-8B4A-11D0-8D11-00A0C91BC942}") = "Lecture3", "Lecture3\Lecture3.vcxproj", "{B8ED0731-168F-44F7-9333-0DD093772109}"
EndProject
Project("{8BC9CEB8-8B4A-11D0-8D11-00A0C91BC942}") = "Lecture4", "Lecture4\Lecture4.vcxproj", "{9C3E5F2C-35AF-4A76-BA14-99944497A8D6}"
EndProject
Project("{8BC9CEB8-8B4A-11D0-8D11-00A0C91BC942}") = "Lecture5", "Lecture5\Lecture5.vcxproj", "{CB1B2CDB-C397-4734-BCBB-9C39F8EBBF9D}"
EndProject
Project("{8BC9CEB8-8B4A-11D0-8D11-00A0C91BC942}") = "Lecture6", "Lecture6\Lecture6.vcxproj", "{FB4E2BBC-3DCC-4E78-AA8F-8026D02A5327}"
EndProject
Project("{8BC9CEB8-8B4A-11D0-8D11-00A0C91BC942}") = "Lecture7", "Lecture7\Lecture7.vcxproj", "{2DFFF1CF-0C88-463A-8485-A5F642C95C12}"
EndProject
Project("{8BC9CEB8-8B4A-11D0-8D11-00A0C91BC942}") = "Lecture8", "Lecture8\Lecture8.vcxproj", "{6FDC5168-8122-40E5-AA9D-76D1E780CBE3}"
EndProject
Project("{8BC9CEB8-8B4A-11D0-8D11-00A0C91BC942}") = "Lecture9", "Lecture9\Lecture9.vcxproj", "{6AA45A14-71FC-434A-A932-7B82C91627AE}"
EndProject
Project("{8BC9CEB8-8B4A-11D0-8D11-00A0C91BC942}") = "Lecture10", "Lecture10\Lecture10.vcxproj", "{0D1E045E-F702-4AA2-B92D-53DFC5B5FDED}"
EndProject
Project("{8BC9CEB8-8B4A-11D0-8D11-00A0C91BC942}") = "Lecture11", "Lecture11\Lecture11.vcxproj", "{CF079DAD-1E73-47D0-ACE6-5F530AE50173}"
EndProject
Project("{8BC9CEB8-8B4A-11D0-8D11-00A0C91BC942}") = "Lecture12", "Lecture12\Lecture12.vcxproj", "{6F5E94E2-B0DD-4F8F-8281-AE27050DFE5A}"
EndProject
Project("{8BC9CEB8-8B4A-11D0-8D11-00A0C91BC942}") = "Lecture13", "Lecture13\Lecture13.vcxproj", "{2C2263F5-2D6C-48CA-8C0D-65071195A011}"
EndProject
Project("{8BC9CEB8-8B4A-11D0-8D11-00A0C91BC942}") = "Lecture15", "Lecture15\Lecture15.vcxproj", "{5C1CBEEE-9997-4104-8376-1130CC2D49BA}"
EndProject
Project("{8BC9CEB8-8B4A-11D0-8D11-00A0C91BC942}") = "Lecture16", "Lecture16\Lecture16.vcxproj", "{75FBEFF9-6978-4D62-9D47-9199034CAF89}"
EndProject
Project("{8BC9CEB8-8B4A-11D0-8D11-00A0C91BC942}") = "Lecture17", "Lecture17\Lecture17.vcxproj", "{959EB77F-5A98-4F4A-9D6A-BCB16572BB81}"
EndProject
Project("{8BC9CEB8-8B4A-11D0-8D11-00A0C91BC942}") = "Lecture18", "Lecture18\Lecture18.vcxproj", "{328768BA-FE89-4946-A201-DDC9467BE013}"
EndProject
Global
	GlobalSection(SolutionConfigurationPlatforms) = preSolution
		Debug|x64 = Debug|x64
		Debug|x86 = Debug|x86
		Release|x64 = Release|x64
		Release|x86 = Release|x86
	EndGlobalSection
	GlobalSection(ProjectConfigurationPlatforms) = postSolution
		{8AB5AA26-41AD-46EA-89CE-7066BC749F61}.Debug|x64.ActiveCfg = Debug|x64
		{8AB5AA26-41AD-46EA-89CE-7066BC749F61}.Debug|x64.Build.0 = Debug|x64
		{8AB5AA26-41AD-46EA-89CE-7066BC749F61}.Debug|x86.ActiveCfg = Debug|Win32
		{8AB5AA26-41AD-46EA-89CE-7066BC749F61}.Debug|x86.Build.0 = Debug|Win32
		{8AB5AA26-41AD-46EA-89CE-7066BC749F61}.Release|x64.ActiveCfg = Release|x64
		{8AB5AA26-41AD-46EA-89CE-7066BC749F61}.Release|x64.Build.0 = Release|x64
		{8AB5AA26-41AD-46EA-89CE-7066BC749F61}.Release|x86.ActiveCfg = Release|Win32
		{8AB5AA26-41AD-46EA-89CE-7066BC749F61}.Release|x86.Build.0 = Release|Win32
		{B8ED0731-168F-44F7-9333-0DD093772109}.Debug|x64.ActiveCfg = Debug|x64
		{B8ED0731-168F-44F7-9333-0DD093772109}.Debug|x64.Build.0 = Debug|x64
		{B8ED0731-168F-44F7-9333-0DD093772109}.Debug|x86.ActiveCfg = Debug|Win32
		{B8ED0731-168F-44F7-9333-0DD093772109}.Debug|x86.Build.0 = Debug|Win32
		{B8ED0731-168F-44F7-9333-0DD093772109}.Release|x64.ActiveCfg = Release|x64
		{B8ED0731-168F-44F7-9333-0DD093772109}.Release|x64.Build.0 = Release|x64
		{B8ED0731-168F-44F7-9333-0DD093772109}.Release|x86.ActiveCfg = Release|Win32
		{B8ED0731-168F-44F7-9333-0DD093772109}.Release|x86.Build.0 = Release|Win32
		{9C3E5F2C-35AF-4A76-BA14-99944497A8D6}.Debug|x64.ActiveCfg = Debug|x64
		{9C3E5F2C-35AF-4A76-BA14-99944497A8D6}.Debug|x64.Build.0 = Debug|x64
		{9C3E5F2C-35AF-4A76-BA14-99944497A8D6}.Debug|x86.ActiveCfg = Debug|Win32
		{9C3E5F2C-35AF-4A76-BA14-99944497A8D6}.Debug|x86.Build.0 = Debug|Win32
		{9C3E5F2C-35AF-4A76-BA14-99944497A8D6}.Release|x64.ActiveCfg = Release|x64
		{9C3E5F2C-35AF-4A76-BA14-99944497A8D6}.Release|x64.Build.0 = Release|x64
		{9C3E5F2C-35AF-4A76-BA14-99944497A8D6}.Release|x86.ActiveCfg = Release|Win32
		{9C3E5F2C-35AF-4A76-BA14-99944497A8D6}.Release|x86.Build.0 = Release|Win32
		{CB1B2CDB-C397-4734-BCBB-9C39F8EBBF9D}.Debug|x64.ActiveCfg = Debug|x64
		{CB1B2CDB-C397-4734-BCBB-9C39F8EBBF9D}.Debug|x64.Build.0 = Debug|x64
		{CB1B2CDB-C397-4734-BCBB-9C39F8EBBF9D}.Debug|x86.ActiveCfg = Debug|Win32
		{CB1B2CDB-C397-4734-BCBB-9C39F8EBBF9D}.Debug|x86.Build.0 = Debug|Win32
		{CB1B2CDB-C397-4734-BCBB-9C39F8EBBF9D}.Release|x64.ActiveCfg = Release|x64
		{CB1B2CDB-C397-4734-BCBB-9C39F8EBBF9D}.Release|x64.Build.0 = Release|x64
		{CB1B2CDB-C397-4734-BCBB-9C39F8EBBF9D}.Release|x86.ActiveCfg = Release|Win32
		{CB1B2CDB-C397-4734-BCBB-9C39F8EBBF9D}.Release|x86.Build.0 = Release|Win32
		{FB4E2BBC-3DCC-4E78-AA8F-8026D02A5327}.Debug|x64.ActiveCfg = Debug|x64
		{FB4E2BBC-3DCC-4E78-AA8F-8026D02A5327}.Debug|x64.Build.0 = Debug|x64
		{FB4E2BBC-3DCC-4E78-AA8F-8026D02A5327}.Debug|x86.ActiveCfg = Debug|Win32
		{FB4E2BBC-3DCC-4E78-AA8F-8026D02A5327}.Debug|x86.Build.0 = Debug|Win32
		{FB4E2BBC-3DCC-4E78-AA8F-8026D02A5327}.Release|x64.ActiveCfg = Release|x64
		{FB4E2BBC-3DCC-4E78-AA8F-8026D02A5327}.Release|x64.Build.0 = Release|x64
		{FB4E2BBC-3DCC-4E78-AA8F-8026D02A5327}.Release|x86.ActiveCfg = Release|Win32
		{FB4E2BBC-3DCC-4E78-AA8F-8026D02A5327}.Release|x86.Build.0 = Release|Win32
		{2DFFF1CF-0C88-463A-8485-A5F642C95C12}.Debug|x64.ActiveCfg = Debug|x64
		{2DFFF1CF-0C88-463A-8485-A5F642C95C12}.Debug|x64.Build.0 = Debug|x64
		{2DFFF1CF-0C88-463A-8485-A5F642C95C12}.Debug|x86.ActiveCfg = Debug|Win32
		{2DFFF1CF-0C88-463A-8485-A5F642C95C12}.Debug|x86.Build.0 = Debug|Win32
		{2DFFF1CF-0C88-463A-8485-A5F642C95C12}.Release|x64.ActiveCfg = Release|x64
		{2DFFF1CF-0C88-463A-8485-A5F642C95C12}.Release|x64.Build.0 = Release|x64
		{2DFFF1CF-0C88-463A-8485-A5F642C95C12}.Release|x86.ActiveCfg = Release|Win32
		{2DFFF1CF-0C88-463A-8485-A5F642C95C12}.Release|x86.Build.0 = Release|Win32
		{6FDC5168-8122-40E5-AA9D-76D1E780CBE3}.Debug|x64.ActiveCfg = Debug|x64
		{6FDC5168-8122-40E5-AA9D-76D1E780CBE3}.Debug|x64.Build.0 = Debug|x64
		{6FDC5168-8122-40E5-AA9D-76D1E780CBE3}.Debug|x86.ActiveCfg = Debug|Win32
		{6FDC5168-8122-40E5-AA9D-76D1E780CBE3}.Debug|x86.Build.0 = Debug|Win32
		{6FDC5168-8122-40E5-AA9D-76D1E780CBE3}.Release|x64.ActiveCfg = Release|x64
		{6FDC5168-8122-40E5-AA9D-76D1E780CBE3}.Release|x64.Build.0 = Release|x64
		{6FDC5168-8122-40E5-AA9D-76D1E780CBE3}.Release|x86.ActiveCfg = Release|Win32
		{6FDC5168-8122-40E5-AA9D-76D1E780CBE3}.Release|x86.Build.0 = Release|Win32
		{6AA45A14-71FC-434A-A932-7B82C91627AE}.Debug|x64.ActiveCfg = Debug|x64
		{6AA45A14-71FC-434A-A932-7B82C91627AE}.Debug|x64.Build.0 = Debug|x64
		{6AA45A14-71FC-434A-A932-7B82C91627AE}.Debug|x86.ActiveCfg = Debug|Win32
		{6AA45A14-71FC-434A-A932-7B82C91627AE}.Debug|x86.Build.0 = Debug|Win32
		{6AA45A14-71FC-434A-A932-7B82C91627AE}.Release|x64.ActiveCfg = Release|x64
		{6AA45A14-71FC-434A-A932-7B82C91627AE}.Release|x64.Build.0 = Release|x64
		{6AA45A14-71FC-434A-A932-7B82C91627AE}.Release|x86.ActiveCfg = Release|Win32
		{6AA45A14-71FC-434A-A932-7B82C91627AE}.Release|x86.Build.0 = Release|Win32
		{0D1E045E-F702-4AA2-B92D-53DFC5B5FDED}.Debug|x64.ActiveCfg = Debug|x64
		{0D1E045E-F702-4AA2-B92D-53DFC5B5FDED}.Debug|x64.Build.0 = Debug|x64
		{0D1E045E-F702-4AA2-B92D-53DFC5B5FDED}.Debug|x86.ActiveCfg = Debug|Win32
		{0D1E045E-F702-4AA2-B92D-53DFC5B5FDED}.Debug|x86.Build.0 = Debug|Win32
		{0D1E045E-F702-4AA2-B92D-53DFC5B5FDED}.Release|x64.ActiveCfg = Release|x64
		{0D1E045E-F702-4AA2-B92D-53DFC5B5FDED}.Release|x64.Build.0 = Release|x64
		{0D1E045E-F702-4AA2-B92D-53DFC5B5FDED}.Release|x86.ActiveCfg = Release|Win32
		{0D1E045E-F702-4AA2-B92D-53DFC5B5FDED}.Release|x86.Build.0 = Release|Win32
		{CF079DAD-1E73-47D0-ACE6-5F530AE50173}.Debug|x64.ActiveCfg = Debug|x64
		{CF079DAD-1E73-47D0-ACE6-5F530AE50173}.Debug|x64.Build.0 = Debug|x64
		{CF079DAD-1E73-47D0-ACE6-5F530AE50173}.Debug|x86.ActiveCfg = Debug|Win32
		{CF079DAD-1E73-47D0-ACE6-5F530AE50173}.Debug|x86.Build.0 = Debug|Win32
		{CF079DAD-1E73-47D0-ACE6-5F530AE50173}.Release|x64.ActiveCfg = Release|x64
		{CF079DAD-1E73-47D0-ACE6-5F530AE50173}.Release|x64.Build.0 = Release|x64
		{CF079DAD-1E73-47D0-ACE6-5F530AE50173}.Release|x86.ActiveCfg = Release|Win32
		{CF079DAD-1E73-47D0-ACE6-5F530AE50173}.Release|x86.Build.0 = Release|Win32
		{6F5E94E2-B0DD-4F8F-8281-AE27050DFE5A}.Debug|x64.ActiveCfg = Debug|x64
		{6F5E94E2-B0DD-4F8F-8281-AE27050DFE5A}.Debug|x64.Build.0 = Debug|x64
		{6F5E94E2-B0DD-4F8F-8281-AE27050DFE5A}.Debug|x86.ActiveCfg = Debug|Win32
		{6F5E94E2-B0DD-4F8F-8281-AE27050DFE5A}.Debug|x86.Build.0 = Debug|Win32
		{6F5E94E2-B0DD-4F8F-8281-AE27050DFE5A}.Release|x64.ActiveCfg = Release|x64
		{6F5E94E2-B0DD-4F8F-8281-AE27050DFE5A}.Release|x64.Build.0 = Release|x64
		{6F5E94E2-B0DD-4F8F-8281-AE27050DFE5A}.Release|x86.ActiveCfg = Release|Win32
		{6F5E94E2-B0DD-4F8F-8281-AE27050DFE5A}.Release|x86.Build.0 = Release|Win32
		{2C2263F5-2D6C-48CA-8C0D-65071195A011}.Debug|x64.ActiveCfg = Debug|x64
		{2C2263F5-2D6C-48CA-8C0D-65071195A011}.Debug|x64.Build.0 = Debug|x64
		{2C2263F5-2D6C-48CA-8C0D-65071195A011}.Debug|x86.ActiveCfg = Debug|Win32
		{2C2263F5-2D6C-48CA-8C0D-65071195A011}.Debug|x86.Build.0 = Debug|Win32
		{2C2263F5-2D6C-48CA-8C0D-65071195A011}.Release|x64.ActiveCfg = Release|x64
		{2C2263F5-2D6C-48CA-8C0D-65071195A011}.Release|x64.Build.0 = Release|x64
		{2C2263F5-2D6C-48CA-8C0D-65071195A011}.Release|x86.ActiveCfg = Release|Win32
		{2C2263F5-2D6C-48CA-8C0D-65071195A011}.Release|x86.Build.0 = Release|Win32
		{5C1CBEEE-9997-4104-8376-1130CC2D49BA}.Debug|x64.ActiveCfg = Debug|x64
		{5C1CBEEE-9997-4104-8376-1130CC2D49BA}.Debug|x64.Build.0 = Debug|x64
		{5C1CBEEE-9997-4104-8376-1130CC2D49BA}.Debug|x86.ActiveCfg = Debug|Win32
		{5C1CBEEE-9997-4104-8376-1130CC2D49BA}.Debug|x86.Build.0 = Debug|Win32
		{5C1CBEEE-9997-4104-8376-1130CC2D49BA}.Release|x64.ActiveCfg = Release|x64
		{5C1CBEEE-9997-4104-8376-1130CC2D49BA}.Release|x64.Build.0 = Release|x64
		{5C1CBEEE-9997-4104-8376-1130CC2D49BA}.Release|x86.ActiveCfg = Release|Win32
		{5C1CBEEE-9997-4104-8376-1130CC2D49BA}.Release|x86.Build.0 = Release|Win32
		{75FBEFF9-6978-4D62-9D47-9199034CAF89}.Debug|x64.ActiveCfg = Debug|x64
		{75FBEFF9-6978-4D62-9D47-9199034CAF89}.Debug|x64.Build.0 = Debug|x64
		{75FBEFF9-6978-4D62-9D47-9199034CAF89}.Debug|x86.ActiveCfg = Debug|Win32
		{75FBEFF9-6978-4D62-9D47-9199034CAF89}.Debug|x86.Build.0 = Debug|Win32
		{75FBEFF9-6978-4D62-9D47-9199034CAF89}.Release|x64.ActiveCfg = Release|x64
		{75FBEFF9-6978-4D62-9D47-9199034CAF89}.Release|x64.Build.0 = Release|x64
		{75FBEFF9-6978-4D62-9D47-9199034CAF89}.Release|x86.ActiveCfg = Release|Win32
		{75FBEFF9-6978-4D62-9D47-9199034CAF89}.Release|x86.Build.0 = Release|Win32
		{959EB77F-5A98-4F4A-9D6A-BCB16572BB81}.Debug|x64.ActiveCfg = Debug|x64
		{959EB77F-5A98-4F4A-9D6A-BCB16572BB81}.Debug|x64.Build.0 = Debug|x64
		{959EB77F-5A98-4F4A-9D6A-BCB16572BB81}.Debug|x86.ActiveCfg = Debug|Win32
		{959EB77F-5A98-4F4A-9D6A-BCB16572BB81}.Debug|x86.Build.0 = Debug|Win32
		{959EB77F-5A98-4F4A-9D6A-BCB16572BB81}.Release|x64.ActiveCfg = Release|x64
		{959EB77F-5A98-4F4A-9D6A-BCB16572BB81}.Release|x64.Build.0 = Release|x64
		{959EB77F-5A98-4F4A-9D6A-BCB16572BB81}.Release|x86.ActiveCfg = Release|Win32
		{959EB77F-5A98-4F4A-9D6A-BCB16572BB81}.Release|x86.Build.0 = Release|Win32
		{328768BA-FE89-4946-A201-DDC9467BE013}.Debug|x64.ActiveCfg = Debug|x64
		{328768BA-FE89-4946-A201-DDC9467BE013}.Debug|x64.Build.0 = Debug|x64
		{328768BA-FE89-4946-A201-DDC9467BE013}.Debug|x86.ActiveCfg = Debug|Win32
		{328768BA-FE89-4946-A201-DDC9467BE013}.Debug|x86.Build.0 = Debug|Win32
		{328768BA-FE89-4946-A201-DDC9467BE013}.Release|x64.ActiveCfg = Release|x64
		{328768BA-FE89-4946-A201-DDC9467BE013}.Release|x64.Build.0 = Release|x64
		{328768BA-FE89-4946-A201-DDC9467BE013}.Release|x86.ActiveCfg = Release|Win32
		{328768BA-FE89-4946-A201-DDC9467BE013}.Release|x86.Build.0 = Release|Win32
	EndGlobalSection
	GlobalSection(SolutionProperties) = preSolution
		HideSolutionNode = FALSE
	EndGlobalSection
	GlobalSection(ExtensibilityGlobals) = postSolution
		SolutionGuid = {44804BD7-5479-43C8-BE9F-FF0F17DB403A}
	EndGlobalSection
EndGlobal
