
Microsoft Visual Studio Solution File, Format Version 12.00
# Visual Studio Version 17
VisualStudioVersion = 17.7.34009.444
MinimumVisualStudioVersion = 10.0.40219.1
Project("{8BC9CEB8-8B4A-11D0-8D11-00A0C91BC942}") = "Lecture1", "Lecture1\Lecture1.vcxproj", "{F0093987-370C-4E6C-924D-352424646658}"
EndProject
Project("{8BC9CEB8-8B4A-11D0-8D11-00A0C91BC942}") = "Lecture2", "Lecture2\Lecture2.vcxproj", "{285D1AB2-DF48-4409-A01F-B6E0364B3E5B}"
EndProject
Project("{8BC9CEB8-8B4A-11D0-8D11-00A0C91BC942}") = "Lecture3", "Lecture3\Lecture3.vcxproj", "{87FB919B-6745-4CB9-B981-F37120033ED5}"
EndProject
Project("{8BC9CEB8-8B4A-11D0-8D11-00A0C91BC942}") = "Lecture4", "Lecture4\Lecture4.vcxproj", "{E8C1AA97-9C6C-413D-B6BF-5ABC72B96AB0}"
EndProject
Project("{8BC9CEB8-8B4A-11D0-8D11-00A0C91BC942}") = "Lecture5", "Lecture5\Lecture5.vcxproj", "{FCF0FA41-447F-4EB7-8395-B5527ED4A00F}"
EndProject
Project("{8BC9CEB8-8B4A-11D0-8D11-00A0C91BC942}") = "Lecture6", "Lecture6\Lecture6.vcxproj", "{1F750B87-6377-4BAC-81FC-0B33A95DB206}"
EndProject
Project("{8BC9CEB8-8B4A-11D0-8D11-00A0C91BC942}") = "Lecture7", "Lecture7\Lecture7.vcxproj", "{03DE958A-ABEC-4C1A-812E-0B195499BE7F}"
EndProject
Project("{8BC9CEB8-8B4A-11D0-8D11-00A0C91BC942}") = "Lecture8", "Lecture8\Lecture8.vcxproj", "{83575148-B451-4494-AE1C-5009F270CFE3}"
EndProject
Project("{8BC9CEB8-8B4A-11D0-8D11-00A0C91BC942}") = "Lecture9", "Lecture9\Lecture9.vcxproj", "{AE934B96-A981-4E97-8BAB-AAD3C3995D5C}"
EndProject
Global
	GlobalSection(SolutionConfigurationPlatforms) = preSolution
		Debug|x64 = Debug|x64
		Debug|x86 = Debug|x86
		Release|x64 = Release|x64
		Release|x86 = Release|x86
	EndGlobalSection
	GlobalSection(ProjectConfigurationPlatforms) = postSolution
		{F0093987-370C-4E6C-924D-352424646658}.Debug|x64.ActiveCfg = Debug|x64
		{F0093987-370C-4E6C-924D-352424646658}.Debug|x64.Build.0 = Debug|x64
		{F0093987-370C-4E6C-924D-352424646658}.Debug|x86.ActiveCfg = Debug|Win32
		{F0093987-370C-4E6C-924D-352424646658}.Debug|x86.Build.0 = Debug|Win32
		{F0093987-370C-4E6C-924D-352424646658}.Release|x64.ActiveCfg = Release|x64
		{F0093987-370C-4E6C-924D-352424646658}.Release|x64.Build.0 = Release|x64
		{F0093987-370C-4E6C-924D-352424646658}.Release|x86.ActiveCfg = Release|Win32
		{F0093987-370C-4E6C-924D-352424646658}.Release|x86.Build.0 = Release|Win32
		{285D1AB2-DF48-4409-A01F-B6E0364B3E5B}.Debug|x64.ActiveCfg = Debug|x64
		{285D1AB2-DF48-4409-A01F-B6E0364B3E5B}.Debug|x64.Build.0 = Debug|x64
		{285D1AB2-DF48-4409-A01F-B6E0364B3E5B}.Debug|x86.ActiveCfg = Debug|Win32
		{285D1AB2-DF48-4409-A01F-B6E0364B3E5B}.Debug|x86.Build.0 = Debug|Win32
		{285D1AB2-DF48-4409-A01F-B6E0364B3E5B}.Release|x64.ActiveCfg = Release|x64
		{285D1AB2-DF48-4409-A01F-B6E0364B3E5B}.Release|x64.Build.0 = Release|x64
		{285D1AB2-DF48-4409-A01F-B6E0364B3E5B}.Release|x86.ActiveCfg = Release|Win32
		{285D1AB2-DF48-4409-A01F-B6E0364B3E5B}.Release|x86.Build.0 = Release|Win32
		{87FB919B-6745-4CB9-B981-F37120033ED5}.Debug|x64.ActiveCfg = Debug|x64
		{87FB919B-6745-4CB9-B981-F37120033ED5}.Debug|x64.Build.0 = Debug|x64
		{87FB919B-6745-4CB9-B981-F37120033ED5}.Debug|x86.ActiveCfg = Debug|Win32
		{87FB919B-6745-4CB9-B981-F37120033ED5}.Debug|x86.Build.0 = Debug|Win32
		{87FB919B-6745-4CB9-B981-F37120033ED5}.Release|x64.ActiveCfg = Release|x64
		{87FB919B-6745-4CB9-B981-F37120033ED5}.Release|x64.Build.0 = Release|x64
		{87FB919B-6745-4CB9-B981-F37120033ED5}.Release|x86.ActiveCfg = Release|Win32
		{87FB919B-6745-4CB9-B981-F37120033ED5}.Release|x86.Build.0 = Release|Win32
		{E8C1AA97-9C6C-413D-B6BF-5ABC72B96AB0}.Debug|x64.ActiveCfg = Debug|x64
		{E8C1AA97-9C6C-413D-B6BF-5ABC72B96AB0}.Debug|x64.Build.0 = Debug|x64
		{E8C1AA97-9C6C-413D-B6BF-5ABC72B96AB0}.Debug|x86.ActiveCfg = Debug|Win32
		{E8C1AA97-9C6C-413D-B6BF-5ABC72B96AB0}.Debug|x86.Build.0 = Debug|Win32
		{E8C1AA97-9C6C-413D-B6BF-5ABC72B96AB0}.Release|x64.ActiveCfg = Release|x64
		{E8C1AA97-9C6C-413D-B6BF-5ABC72B96AB0}.Release|x64.Build.0 = Release|x64
		{E8C1AA97-9C6C-413D-B6BF-5ABC72B96AB0}.Release|x86.ActiveCfg = Release|Win32
		{E8C1AA97-9C6C-413D-B6BF-5ABC72B96AB0}.Release|x86.Build.0 = Release|Win32
		{FCF0FA41-447F-4EB7-8395-B5527ED4A00F}.Debug|x64.ActiveCfg = Debug|x64
		{FCF0FA41-447F-4EB7-8395-B5527ED4A00F}.Debug|x64.Build.0 = Debug|x64
		{FCF0FA41-447F-4EB7-8395-B5527ED4A00F}.Debug|x86.ActiveCfg = Debug|Win32
		{FCF0FA41-447F-4EB7-8395-B5527ED4A00F}.Debug|x86.Build.0 = Debug|Win32
		{FCF0FA41-447F-4EB7-8395-B5527ED4A00F}.Release|x64.ActiveCfg = Release|x64
		{FCF0FA41-447F-4EB7-8395-B5527ED4A00F}.Release|x64.Build.0 = Release|x64
		{FCF0FA41-447F-4EB7-8395-B5527ED4A00F}.Release|x86.ActiveCfg = Release|Win32
		{FCF0FA41-447F-4EB7-8395-B5527ED4A00F}.Release|x86.Build.0 = Release|Win32
		{1F750B87-6377-4BAC-81FC-0B33A95DB206}.Debug|x64.ActiveCfg = Debug|x64
		{1F750B87-6377-4BAC-81FC-0B33A95DB206}.Debug|x64.Build.0 = Debug|x64
		{1F750B87-6377-4BAC-81FC-0B33A95DB206}.Debug|x86.ActiveCfg = Debug|Win32
		{1F750B87-6377-4BAC-81FC-0B33A95DB206}.Debug|x86.Build.0 = Debug|Win32
		{1F750B87-6377-4BAC-81FC-0B33A95DB206}.Release|x64.ActiveCfg = Release|x64
		{1F750B87-6377-4BAC-81FC-0B33A95DB206}.Release|x64.Build.0 = Release|x64
		{1F750B87-6377-4BAC-81FC-0B33A95DB206}.Release|x86.ActiveCfg = Release|Win32
		{1F750B87-6377-4BAC-81FC-0B33A95DB206}.Release|x86.Build.0 = Release|Win32
		{03DE958A-ABEC-4C1A-812E-0B195499BE7F}.Debug|x64.ActiveCfg = Debug|x64
		{03DE958A-ABEC-4C1A-812E-0B195499BE7F}.Debug|x64.Build.0 = Debug|x64
		{03DE958A-ABEC-4C1A-812E-0B195499BE7F}.Debug|x86.ActiveCfg = Debug|Win32
		{03DE958A-ABEC-4C1A-812E-0B195499BE7F}.Debug|x86.Build.0 = Debug|Win32
		{03DE958A-ABEC-4C1A-812E-0B195499BE7F}.Release|x64.ActiveCfg = Release|x64
		{03DE958A-ABEC-4C1A-812E-0B195499BE7F}.Release|x64.Build.0 = Release|x64
		{03DE958A-ABEC-4C1A-812E-0B195499BE7F}.Release|x86.ActiveCfg = Release|Win32
		{03DE958A-ABEC-4C1A-812E-0B195499BE7F}.Release|x86.Build.0 = Release|Win32
		{83575148-B451-4494-AE1C-5009F270CFE3}.Debug|x64.ActiveCfg = Debug|x64
		{83575148-B451-4494-AE1C-5009F270CFE3}.Debug|x64.Build.0 = Debug|x64
		{83575148-B451-4494-AE1C-5009F270CFE3}.Debug|x86.ActiveCfg = Debug|Win32
		{83575148-B451-4494-AE1C-5009F270CFE3}.Debug|x86.Build.0 = Debug|Win32
		{83575148-B451-4494-AE1C-5009F270CFE3}.Release|x64.ActiveCfg = Release|x64
		{83575148-B451-4494-AE1C-5009F270CFE3}.Release|x64.Build.0 = Release|x64
		{83575148-B451-4494-AE1C-5009F270CFE3}.Release|x86.ActiveCfg = Release|Win32
		{83575148-B451-4494-AE1C-5009F270CFE3}.Release|x86.Build.0 = Release|Win32
		{AE934B96-A981-4E97-8BAB-AAD3C3995D5C}.Debug|x64.ActiveCfg = Debug|x64
		{AE934B96-A981-4E97-8BAB-AAD3C3995D5C}.Debug|x64.Build.0 = Debug|x64
		{AE934B96-A981-4E97-8BAB-AAD3C3995D5C}.Debug|x86.ActiveCfg = Debug|Win32
		{AE934B96-A981-4E97-8BAB-AAD3C3995D5C}.Debug|x86.Build.0 = Debug|Win32
		{AE934B96-A981-4E97-8BAB-AAD3C3995D5C}.Release|x64.ActiveCfg = Release|x64
		{AE934B96-A981-4E97-8BAB-AAD3C3995D5C}.Release|x64.Build.0 = Release|x64
		{AE934B96-A981-4E97-8BAB-AAD3C3995D5C}.Release|x86.ActiveCfg = Release|Win32
		{AE934B96-A981-4E97-8BAB-AAD3C3995D5C}.Release|x86.Build.0 = Release|Win32
	EndGlobalSection
	GlobalSection(SolutionProperties) = preSolution
		HideSolutionNode = FALSE
	EndGlobalSection
	GlobalSection(ExtensibilityGlobals) = postSolution
		SolutionGuid = {BDBD1D6C-002A-4FFA-A212-41621FDD0056}
	EndGlobalSection
EndGlobal
